// !$*UTF8*$!
{
	archiveVersion = 1;
	classes = {
	};
	objectVersion = 46;
	objects = {

/* Begin PBXBuildFile section */
		D12CD3672237D5DF004B1BAB /* AppDelegate.swift in Sources */ = {isa = PBXBuildFile; fileRef = D12CD3662237D5DF004B1BAB /* AppDelegate.swift */; };
		D12CD3692237D5DF004B1BAB /* ViewController.swift in Sources */ = {isa = PBXBuildFile; fileRef = D12CD3682237D5DF004B1BAB /* ViewController.swift */; };
		D12CD36C2237D5DF004B1BAB /* Main.storyboard in Resources */ = {isa = PBXBuildFile; fileRef = D12CD36A2237D5DF004B1BAB /* Main.storyboard */; };
		D12CD36F2237D5DF004B1BAB /* test_1.xcdatamodeld in Sources */ = {isa = PBXBuildFile; fileRef = D12CD36D2237D5DF004B1BAB /* test_1.xcdatamodeld */; };
		D12CD3712237D5DF004B1BAB /* Assets.xcassets in Resources */ = {isa = PBXBuildFile; fileRef = D12CD3702237D5DF004B1BAB /* Assets.xcassets */; };
		D12CD3742237D5DF004B1BAB /* LaunchScreen.storyboard in Resources */ = {isa = PBXBuildFile; fileRef = D12CD3722237D5DF004B1BAB /* LaunchScreen.storyboard */; };
		D12CD37F2237D5DF004B1BAB /* test_1Tests.swift in Sources */ = {isa = PBXBuildFile; fileRef = D12CD37E2237D5DF004B1BAB /* test_1Tests.swift */; };
		D12CD38A2237D5DF004B1BAB /* test_1UITests.swift in Sources */ = {isa = PBXBuildFile; fileRef = D12CD3892237D5DF004B1BAB /* test_1UITests.swift */; };
/* End PBXBuildFile section */

/* Begin PBXContainerItemProxy section */
		D12CD37B2237D5DF004B1BAB /* PBXContainerItemProxy */ = {
			isa = PBXContainerItemProxy;
			containerPortal = D12CD35B2237D5DF004B1BAB /* Project object */;
			proxyType = 1;
			remoteGlobalIDString = D12CD3622237D5DF004B1BAB;
			remoteInfo = test_1;
		};
		D12CD3862237D5DF004B1BAB /* PBXContainerItemProxy */ = {
			isa = PBXContainerItemProxy;
			containerPortal = D12CD35B2237D5DF004B1BAB /* Project object */;
			proxyType = 1;
			remoteGlobalIDString = D12CD3622237D5DF004B1BAB;
			remoteInfo = test_1;
		};
/* End PBXContainerItemProxy section */

/* Begin PBXFileReference section */
		D12CD3632237D5DF004B1BAB /* test_1.app */ = {isa = PBXFileReference; explicitFileType = wrapper.application; includeInIndex = 0; path = test_1.app; sourceTree = BUILT_PRODUCTS_DIR; };
		D12CD3662237D5DF004B1BAB /* AppDelegate.swift */ = {isa = PBXFileReference; lastKnownFileType = sourcecode.swift; path = AppDelegate.swift; sourceTree = "<group>"; };
		D12CD3682237D5DF004B1BAB /* ViewController.swift */ = {isa = PBXFileReference; lastKnownFileType = sourcecode.swift; path = ViewController.swift; sourceTree = "<group>"; };
		D12CD36B2237D5DF004B1BAB /* Base */ = {isa = PBXFileReference; lastKnownFileType = file.storyboard; name = Base; path = Base.lproj/Main.storyboard; sourceTree = "<group>"; };
		D12CD36E2237D5DF004B1BAB /* test_1.xcdatamodel */ = {isa = PBXFileReference; lastKnownFileType = wrapper.xcdatamodel; path = test_1.xcdatamodel; sourceTree = "<group>"; };
		D12CD3702237D5DF004B1BAB /* Assets.xcassets */ = {isa = PBXFileReference; lastKnownFileType = folder.assetcatalog; path = Assets.xcassets; sourceTree = "<group>"; };
		D12CD3732237D5DF004B1BAB /* Base */ = {isa = PBXFileReference; lastKnownFileType = file.storyboard; name = Base; path = Base.lproj/LaunchScreen.storyboard; sourceTree = "<group>"; };
		D12CD3752237D5DF004B1BAB /* Info.plist */ = {isa = PBXFileReference; lastKnownFileType = text.plist.xml; path = Info.plist; sourceTree = "<group>"; };
		D12CD37A2237D5DF004B1BAB /* test_1Tests.xctest */ = {isa = PBXFileReference; explicitFileType = wrapper.cfbundle; includeInIndex = 0; path = test_1Tests.xctest; sourceTree = BUILT_PRODUCTS_DIR; };
		D12CD37E2237D5DF004B1BAB /* test_1Tests.swift */ = {isa = PBXFileReference; lastKnownFileType = sourcecode.swift; path = test_1Tests.swift; sourceTree = "<group>"; };
		D12CD3802237D5DF004B1BAB /* Info.plist */ = {isa = PBXFileReference; lastKnownFileType = text.plist.xml; path = Info.plist; sourceTree = "<group>"; };
		D12CD3852237D5DF004B1BAB /* test_1UITests.xctest */ = {isa = PBXFileReference; explicitFileType = wrapper.cfbundle; includeInIndex = 0; path = test_1UITests.xctest; sourceTree = BUILT_PRODUCTS_DIR; };
		D12CD3892237D5DF004B1BAB /* test_1UITests.swift */ = {isa = PBXFileReference; lastKnownFileType = sourcecode.swift; path = test_1UITests.swift; sourceTree = "<group>"; };
		D12CD38B2237D5DF004B1BAB /* Info.plist */ = {isa = PBXFileReference; lastKnownFileType = text.plist.xml; path = Info.plist; sourceTree = "<group>"; };
/* End PBXFileReference section */

/* Begin PBXFrameworksBuildPhase section */
		D12CD3602237D5DF004B1BAB /* Frameworks */ = {
			isa = PBXFrameworksBuildPhase;
			buildActionMask = 2147483647;
			files = (
			);
			runOnlyForDeploymentPostprocessing = 0;
		};
		D12CD3772237D5DF004B1BAB /* Frameworks */ = {
			isa = PBXFrameworksBuildPhase;
			buildActionMask = 2147483647;
			files = (
			);
			runOnlyForDeploymentPostprocessing = 0;
		};
		D12CD3822237D5DF004B1BAB /* Frameworks */ = {
			isa = PBXFrameworksBuildPhase;
			buildActionMask = 2147483647;
			files = (
			);
			runOnlyForDeploymentPostprocessing = 0;
		};
/* End PBXFrameworksBuildPhase section */

/* Begin PBXGroup section */
		D12CD35A2237D5DF004B1BAB = {
			isa = PBXGroup;
			children = (
				D12CD3652237D5DF004B1BAB /* test_1 */,
				D12CD37D2237D5DF004B1BAB /* test_1Tests */,
				D12CD3882237D5DF004B1BAB /* test_1UITests */,
				D12CD3642237D5DF004B1BAB /* Products */,
			);
			sourceTree = "<group>";
		};
		D12CD3642237D5DF004B1BAB /* Products */ = {
			isa = PBXGroup;
			children = (
				D12CD3632237D5DF004B1BAB /* test_1.app */,
				D12CD37A2237D5DF004B1BAB /* test_1Tests.xctest */,
				D12CD3852237D5DF004B1BAB /* test_1UITests.xctest */,
			);
			name = Products;
			sourceTree = "<group>";
		};
		D12CD3652237D5DF004B1BAB /* test_1 */ = {
			isa = PBXGroup;
			children = (
				D12CD3662237D5DF004B1BAB /* AppDelegate.swift */,
				D12CD3682237D5DF004B1BAB /* ViewController.swift */,
				D12CD36A2237D5DF004B1BAB /* Main.storyboard */,
				D12CD3702237D5DF004B1BAB /* Assets.xcassets */,
				D12CD3722237D5DF004B1BAB /* LaunchScreen.storyboard */,
				D12CD3752237D5DF004B1BAB /* Info.plist */,
				D12CD36D2237D5DF004B1BAB /* test_1.xcdatamodeld */,
			);
			path = test_1;
			sourceTree = "<group>";
		};
		D12CD37D2237D5DF004B1BAB /* test_1Tests */ = {
			isa = PBXGroup;
			children = (
				D12CD37E2237D5DF004B1BAB /* test_1Tests.swift */,
				D12CD3802237D5DF004B1BAB /* Info.plist */,
			);
			path = test_1Tests;
			sourceTree = "<group>";
		};
		D12CD3882237D5DF004B1BAB /* test_1UITests */ = {
			isa = PBXGroup;
			children = (
				D12CD3892237D5DF004B1BAB /* test_1UITests.swift */,
				D12CD38B2237D5DF004B1BAB /* Info.plist */,
			);
			path = test_1UITests;
			sourceTree = "<group>";
		};
/* End PBXGroup section */

/* Begin PBXNativeTarget section */
		D12CD3622237D5DF004B1BAB /* test_1 */ = {
			isa = PBXNativeTarget;
			buildConfigurationList = D12CD38E2237D5DF004B1BAB /* Build configuration list for PBXNativeTarget "test_1" */;
			buildPhases = (
				D12CD35F2237D5DF004B1BAB /* Sources */,
				D12CD3602237D5DF004B1BAB /* Frameworks */,
				D12CD3612237D5DF004B1BAB /* Resources */,
			);
			buildRules = (
			);
			dependencies = (
			);
			name = test_1;
			productName = test_1;
			productReference = D12CD3632237D5DF004B1BAB /* test_1.app */;
			productType = "com.apple.product-type.application";
		};
		D12CD3792237D5DF004B1BAB /* test_1Tests */ = {
			isa = PBXNativeTarget;
			buildConfigurationList = D12CD3912237D5DF004B1BAB /* Build configuration list for PBXNativeTarget "test_1Tests" */;
			buildPhases = (
				D12CD3762237D5DF004B1BAB /* Sources */,
				D12CD3772237D5DF004B1BAB /* Frameworks */,
				D12CD3782237D5DF004B1BAB /* Resources */,
			);
			buildRules = (
			);
			dependencies = (
				D12CD37C2237D5DF004B1BAB /* PBXTargetDependency */,
			);
			name = test_1Tests;
			productName = test_1Tests;
			productReference = D12CD37A2237D5DF004B1BAB /* test_1Tests.xctest */;
			productType = "com.apple.product-type.bundle.unit-test";
		};
		D12CD3842237D5DF004B1BAB /* test_1UITests */ = {
			isa = PBXNativeTarget;
			buildConfigurationList = D12CD3942237D5DF004B1BAB /* Build configuration list for PBXNativeTarget "test_1UITests" */;
			buildPhases = (
				D12CD3812237D5DF004B1BAB /* Sources */,
				D12CD3822237D5DF004B1BAB /* Frameworks */,
				D12CD3832237D5DF004B1BAB /* Resources */,
			);
			buildRules = (
			);
			dependencies = (
				D12CD3872237D5DF004B1BAB /* PBXTargetDependency */,
			);
			name = test_1UITests;
			productName = test_1UITests;
			productReference = D12CD3852237D5DF004B1BAB /* test_1UITests.xctest */;
			productType = "com.apple.product-type.bundle.ui-testing";
		};
/* End PBXNativeTarget section */

/* Begin PBXProject section */
		D12CD35B2237D5DF004B1BAB /* Project object */ = {
			isa = PBXProject;
			attributes = {
				LastSwiftUpdateCheck = 0830;
				LastUpgradeCheck = 0830;
				ORGANIZATIONNAME = "Aldescu Marian";
				TargetAttributes = {
					D12CD3622237D5DF004B1BAB = {
						CreatedOnToolsVersion = 8.3.3;
						ProvisioningStyle = Automatic;
					};
					D12CD3792237D5DF004B1BAB = {
						CreatedOnToolsVersion = 8.3.3;
						ProvisioningStyle = Automatic;
						TestTargetID = D12CD3622237D5DF004B1BAB;
					};
					D12CD3842237D5DF004B1BAB = {
						CreatedOnToolsVersion = 8.3.3;
						ProvisioningStyle = Automatic;
						TestTargetID = D12CD3622237D5DF004B1BAB;
					};
				};
			};
			buildConfigurationList = D12CD35E2237D5DF004B1BAB /* Build configuration list for PBXProject "test_1" */;
			compatibilityVersion = "Xcode 3.2";
			developmentRegion = English;
			hasScannedForEncodings = 0;
			knownRegions = (
				en,
				Base,
			);
			mainGroup = D12CD35A2237D5DF004B1BAB;
			productRefGroup = D12CD3642237D5DF004B1BAB /* Products */;
			projectDirPath = "";
			projectRoot = "";
			targets = (
				D12CD3622237D5DF004B1BAB /* test_1 */,
				D12CD3792237D5DF004B1BAB /* test_1Tests */,
				D12CD3842237D5DF004B1BAB /* test_1UITests */,
			);
		};
/* End PBXProject section */

/* Begin PBXResourcesBuildPhase section */
		D12CD3612237D5DF004B1BAB /* Resources */ = {
			isa = PBXResourcesBuildPhase;
			buildActionMask = 2147483647;
			files = (
				D12CD3742237D5DF004B1BAB /* LaunchScreen.storyboard in Resources */,
				D12CD3712237D5DF004B1BAB /* Assets.xcassets in Resources */,
				D12CD36C2237D5DF004B1BAB /* Main.storyboard in Resources */,
			);
			runOnlyForDeploymentPostprocessing = 0;
		};
		D12CD3782237D5DF004B1BAB /* Resources */ = {
			isa = PBXResourcesBuildPhase;
			buildActionMask = 2147483647;
			files = (
			);
			runOnlyForDeploymentPostprocessing = 0;
		};
		D12CD3832237D5DF004B1BAB /* Resources */ = {
			isa = PBXResourcesBuildPhase;
			buildActionMask = 2147483647;
			files = (
			);
			runOnlyForDeploymentPostprocessing = 0;
		};
/* End PBXResourcesBuildPhase section */

/* Begin PBXSourcesBuildPhase section */
		D12CD35F2237D5DF004B1BAB /* Sources */ = {
			isa = PBXSourcesBuildPhase;
			buildActionMask = 2147483647;
			files = (
				D12CD36F2237D5DF004B1BAB /* test_1.xcdatamodeld in Sources */,
				D12CD3692237D5DF004B1BAB /* ViewController.swift in Sources */,
				D12CD3672237D5DF004B1BAB /* AppDelegate.swift in Sources */,
			);
			runOnlyForDeploymentPostprocessing = 0;
		};
		D12CD3762237D5DF004B1BAB /* Sources */ = {
			isa = PBXSourcesBuildPhase;
			buildActionMask = 2147483647;
			files = (
				D12CD37F2237D5DF004B1BAB /* test_1Tests.swift in Sources */,
			);
			runOnlyForDeploymentPostprocessing = 0;
		};
		D12CD3812237D5DF004B1BAB /* Sources */ = {
			isa = PBXSourcesBuildPhase;
			buildActionMask = 2147483647;
			files = (
				D12CD38A2237D5DF004B1BAB /* test_1UITests.swift in Sources */,
			);
			runOnlyForDeploymentPostprocessing = 0;
		};
/* End PBXSourcesBuildPhase section */

/* Begin PBXTargetDependency section */
		D12CD37C2237D5DF004B1BAB /* PBXTargetDependency */ = {
			isa = PBXTargetDependency;
			target = D12CD3622237D5DF004B1BAB /* test_1 */;
			targetProxy = D12CD37B2237D5DF004B1BAB /* PBXContainerItemProxy */;
		};
		D12CD3872237D5DF004B1BAB /* PBXTargetDependency */ = {
			isa = PBXTargetDependency;
			target = D12CD3622237D5DF004B1BAB /* test_1 */;
			targetProxy = D12CD3862237D5DF004B1BAB /* PBXContainerItemProxy */;
		};
/* End PBXTargetDependency section */

/* Begin PBXVariantGroup section */
		D12CD36A2237D5DF004B1BAB /* Main.storyboard */ = {
			isa = PBXVariantGroup;
			children = (
				D12CD36B2237D5DF004B1BAB /* Base */,
			);
			name = Main.storyboard;
			sourceTree = "<group>";
		};
		D12CD3722237D5DF004B1BAB /* LaunchScreen.storyboard */ = {
			isa = PBXVariantGroup;
			children = (
				D12CD3732237D5DF004B1BAB /* Base */,
			);
			name = LaunchScreen.storyboard;
			sourceTree = "<group>";
		};
/* End PBXVariantGroup section */

/* Begin XCBuildConfiguration section */
		D12CD38C2237D5DF004B1BAB /* Debug */ = {
			isa = XCBuildConfiguration;
			buildSettings = {
				ALWAYS_SEARCH_USER_PATHS = NO;
				CLANG_ANALYZER_NONNULL = YES;
				CLANG_ANALYZER_NUMBER_OBJECT_CONVERSION = YES_AGGRESSIVE;
				CLANG_CXX_LANGUAGE_STANDARD = "gnu++0x";
				CLANG_CXX_LIBRARY = "libc++";
				CLANG_ENABLE_MODULES = YES;
				CLANG_ENABLE_OBJC_ARC = YES;
				CLANG_WARN_BOOL_CONVERSION = YES;
				CLANG_WARN_CONSTANT_CONVERSION = YES;
				CLANG_WARN_DIRECT_OBJC_ISA_USAGE = YES_ERROR;
				CLANG_WARN_DOCUMENTATION_COMMENTS = YES;
				CLANG_WARN_EMPTY_BODY = YES;
				CLANG_WARN_ENUM_CONVERSION = YES;
				CLANG_WARN_INFINITE_RECURSION = YES;
				CLANG_WARN_INT_CONVERSION = YES;
				CLANG_WARN_OBJC_ROOT_CLASS = YES_ERROR;
				CLANG_WARN_SUSPICIOUS_MOVE = YES;
				CLANG_WARN_UNREACHABLE_CODE = YES;
				CLANG_WARN__DUPLICATE_METHOD_MATCH = YES;
				"CODE_SIGN_IDENTITY[sdk=iphoneos*]" = "iPhone Developer";
				COPY_PHASE_STRIP = NO;
				DEBUG_INFORMATION_FORMAT = dwarf;
				ENABLE_STRICT_OBJC_MSGSEND = YES;
				ENABLE_TESTABILITY = YES;
				GCC_C_LANGUAGE_STANDARD = gnu99;
				GCC_DYNAMIC_NO_PIC = NO;
				GCC_NO_COMMON_BLOCKS = YES;
				GCC_OPTIMIZATION_LEVEL = 0;
				GCC_PREPROCESSOR_DEFINITIONS = (
					"DEBUG=1",
					"$(inherited)",
				);
				GCC_WARN_64_TO_32_BIT_CONVERSION = YES;
				GCC_WARN_ABOUT_RETURN_TYPE = YES_ERROR;
				GCC_WARN_UNDECLARED_SELECTOR = YES;
				GCC_WARN_UNINITIALIZED_AUTOS = YES_AGGRESSIVE;
				GCC_WARN_UNUSED_FUNCTION = YES;
				GCC_WARN_UNUSED_VARIABLE = YES;
				IPHONEOS_DEPLOYMENT_TARGET = 10.3;
				MTL_ENABLE_DEBUG_INFO = YES;
				ONLY_ACTIVE_ARCH = YES;
				SDKROOT = iphoneos;
				SWIFT_ACTIVE_COMPILATION_CONDITIONS = DEBUG;
				SWIFT_OPTIMIZATION_LEVEL = "-Onone";
				TARGETED_DEVICE_FAMILY = "1,2";
			};
			name = Debug;
		};
		D12CD38D2237D5DF004B1BAB /* Release */ = {
			isa = XCBuildConfiguration;
			buildSettings = {
				ALWAYS_SEARCH_USER_PATHS = NO;
				CLANG_ANALYZER_NONNULL = YES;
				CLANG_ANALYZER_NUMBER_OBJECT_CONVERSION = YES_AGGRESSIVE;
				CLANG_CXX_LANGUAGE_STANDARD = "gnu++0x";
				CLANG_CXX_LIBRARY = "libc++";
				CLANG_ENABLE_MODULES = YES;
				CLANG_ENABLE_OBJC_ARC = YES;
				CLANG_WARN_BOOL_CONVERSION = YES;
				CLANG_WARN_CONSTANT_CONVERSION = YES;
				CLANG_WARN_DIRECT_OBJC_ISA_USAGE = YES_ERROR;
				CLANG_WARN_DOCUMENTATION_COMMENTS = YES;
				CLANG_WARN_EMPTY_BODY = YES;
				CLANG_WARN_ENUM_CONVERSION = YES;
				CLANG_WARN_INFINITE_RECURSION = YES;
				CLANG_WARN_INT_CONVERSION = YES;
				CLANG_WARN_OBJC_ROOT_CLASS = YES_ERROR;
				CLANG_WARN_SUSPICIOUS_MOVE = YES;
				CLANG_WARN_UNREACHABLE_CODE = YES;
				CLANG_WARN__DUPLICATE_METHOD_MATCH = YES;
				"CODE_SIGN_IDENTITY[sdk=iphoneos*]" = "iPhone Developer";
				COPY_PHASE_STRIP = NO;
				DEBUG_INFORMATION_FORMAT = "dwarf-with-dsym";
				ENABLE_NS_ASSERTIONS = NO;
				ENABLE_STRICT_OBJC_MSGSEND = YES;
				GCC_C_LANGUAGE_STANDARD = gnu99;
				GCC_NO_COMMON_BLOCKS = YES;
				GCC_WARN_64_TO_32_BIT_CONVERSION = YES;
				GCC_WARN_ABOUT_RETURN_TYPE = YES_ERROR;
				GCC_WARN_UNDECLARED_SELECTOR = YES;
				GCC_WARN_UNINITIALIZED_AUTOS = YES_AGGRESSIVE;
				GCC_WARN_UNUSED_FUNCTION = YES;
				GCC_WARN_UNUSED_VARIABLE = YES;
				IPHONEOS_DEPLOYMENT_TARGET = 10.3;
				MTL_ENABLE_DEBUG_INFO = NO;
				SDKROOT = iphoneos;
				SWIFT_OPTIMIZATION_LEVEL = "-Owholemodule";
				TARGETED_DEVICE_FAMILY = "1,2";
				VALIDATE_PRODUCT = YES;
			};
			name = Release;
		};
		D12CD38F2237D5DF004B1BAB /* Debug */ = {
			isa = XCBuildConfiguration;
			buildSettings = {
				ASSETCATALOG_COMPILER_APPICON_NAME = AppIcon;
				INFOPLIST_FILE = test_1/Info.plist;
				LD_RUNPATH_SEARCH_PATHS = "$(inherited) @executable_path/Frameworks";
				PRODUCT_BUNDLE_IDENTIFIER = "pas.test-1";
				PRODUCT_NAME = "$(TARGET_NAME)";
				SWIFT_VERSION = 3.0;
			};
			name = Debug;
		};
		D12CD3902237D5DF004B1BAB /* Release */ = {
			isa = XCBuildConfiguration;
			buildSettings = {
				ASSETCATALOG_COMPILER_APPICON_NAME = AppIcon;
				INFOPLIST_FILE = test_1/Info.plist;
				LD_RUNPATH_SEARCH_PATHS = "$(inherited) @executable_path/Frameworks";
				PRODUCT_BUNDLE_IDENTIFIER = "pas.test-1";
				PRODUCT_NAME = "$(TARGET_NAME)";
				SWIFT_VERSION = 3.0;
			};
			name = Release;
		};
		D12CD3922237D5DF004B1BAB /* Debug */ = {
			isa = XCBuildConfiguration;
			buildSettings = {
				ALWAYS_EMBED_SWIFT_STANDARD_LIBRARIES = YES;
				BUNDLE_LOADER = "$(TEST_HOST)";
				INFOPLIST_FILE = test_1Tests/Info.plist;
				LD_RUNPATH_SEARCH_PATHS = "$(inherited) @executable_path/Frameworks @loader_path/Frameworks";
				PRODUCT_BUNDLE_IDENTIFIER = "pas.test-1Tests";
				PRODUCT_NAME = "$(TARGET_NAME)";
				SWIFT_VERSION = 3.0;
				TEST_HOST = "$(BUILT_PRODUCTS_DIR)/test_1.app/test_1";
			};
			name = Debug;
		};
		D12CD3932237D5DF004B1BAB /* Release */ = {
			isa = XCBuildConfiguration;
			buildSettings = {
				ALWAYS_EMBED_SWIFT_STANDARD_LIBRARIES = YES;
				BUNDLE_LOADER = "$(TEST_HOST)";
				INFOPLIST_FILE = test_1Tests/Info.plist;
				LD_RUNPATH_SEARCH_PATHS = "$(inherited) @executable_path/Frameworks @loader_path/Frameworks";
				PRODUCT_BUNDLE_IDENTIFIER = "pas.test-1Tests";
				PRODUCT_NAME = "$(TARGET_NAME)";
				SWIFT_VERSION = 3.0;
				TEST_HOST = "$(BUILT_PRODUCTS_DIR)/test_1.app/test_1";
			};
			name = Release;
		};
		D12CD3952237D5DF004B1BAB /* Debug */ = {
			isa = XCBuildConfiguration;
			buildSettings = {
				ALWAYS_EMBED_SWIFT_STANDARD_LIBRARIES = YES;
				INFOPLIST_FILE = test_1UITests/Info.plist;
				LD_RUNPATH_SEARCH_PATHS = "$(inherited) @executable_path/Frameworks @loader_path/Frameworks";
				PRODUCT_BUNDLE_IDENTIFIER = "pas.test-1UITests";
				PRODUCT_NAME = "$(TARGET_NAME)";
				SWIFT_VERSION = 3.0;
				TEST_TARGET_NAME = test_1;
			};
			name = Debug;
		};
		D12CD3962237D5DF004B1BAB /* Release */ = {
			isa = XCBuildConfiguration;
			buildSettings = {
				ALWAYS_EMBED_SWIFT_STANDARD_LIBRARIES = YES;
				INFOPLIST_FILE = test_1UITests/Info.plist;
				LD_RUNPATH_SEARCH_PATHS = "$(inherited) @executable_path/Frameworks @loader_path/Frameworks";
				PRODUCT_BUNDLE_IDENTIFIER = "pas.test-1UITests";
				PRODUCT_NAME = "$(TARGET_NAME)";
				SWIFT_VERSION = 3.0;
				TEST_TARGET_NAME = test_1;
			};
			name = Release;
		};
/* End XCBuildConfiguration section */

/* Begin XCConfigurationList section */
		D12CD35E2237D5DF004B1BAB /* Build configuration list for PBXProject "test_1" */ = {
			isa = XCConfigurationList;
			buildConfigurations = (
				D12CD38C2237D5DF004B1BAB /* Debug */,
				D12CD38D2237D5DF004B1BAB /* Release */,
			);
			defaultConfigurationIsVisible = 0;
			defaultConfigurationName = Release;
		};
		D12CD38E2237D5DF004B1BAB /* Build configuration list for PBXNativeTarget "test_1" */ = {
			isa = XCConfigurationList;
			buildConfigurations = (
				D12CD38F2237D5DF004B1BAB /* Debug */,
				D12CD3902237D5DF004B1BAB /* Release */,
			);
			defaultConfigurationIsVisible = 0;
		};
		D12CD3912237D5DF004B1BAB /* Build configuration list for PBXNativeTarget "test_1Tests" */ = {
			isa = XCConfigurationList;
			buildConfigurations = (
				D12CD3922237D5DF004B1BAB /* Debug */,
				D12CD3932237D5DF004B1BAB /* Release */,
			);
			defaultConfigurationIsVisible = 0;
		};
		D12CD3942237D5DF004B1BAB /* Build configuration list for PBXNativeTarget "test_1UITests" */ = {
			isa = XCConfigurationList;
			buildConfigurations = (
				D12CD3952237D5DF004B1BAB /* Debug */,
				D12CD3962237D5DF004B1BAB /* Release */,
			);
			defaultConfigurationIsVisible = 0;
		};
/* End XCConfigurationList section */

/* Begin XCVersionGroup section */
		D12CD36D2237D5DF004B1BAB /* test_1.xcdatamodeld */ = {
			isa = XCVersionGroup;
			children = (
				D12CD36E2237D5DF004B1BAB /* test_1.xcdatamodel */,
			);
			currentVersion = D12CD36E2237D5DF004B1BAB /* test_1.xcdatamodel */;
			path = test_1.xcdatamodeld;
			sourceTree = "<group>";
			versionGroupType = wrapper.xcdatamodel;
		};
/* End XCVersionGroup section */
	};
	rootObject = D12CD35B2237D5DF004B1BAB /* Project object */;
}
