// !$*UTF8*$!
{
	archiveVersion = 1;
	classes = {
	};
	objectVersion = 50;
	objects = {

/* Begin PBXBuildFile section */
		EB6D2AA5224A2836002A8A0C /* AppDelegate.swift in Sources */ = {isa = PBXBuildFile; fileRef = EB6D2AA4224A2836002A8A0C /* AppDelegate.swift */; };
		EB6D2AA7224A2836002A8A0C /* ViewController.swift in Sources */ = {isa = PBXBuildFile; fileRef = EB6D2AA6224A2836002A8A0C /* ViewController.swift */; };
		EB6D2AAA224A2836002A8A0C /* Main.storyboard in Resources */ = {isa = PBXBuildFile; fileRef = EB6D2AA8224A2836002A8A0C /* Main.storyboard */; };
		EB6D2AAD224A2837002A8A0C /* Splitty.xcdatamodeld in Sources */ = {isa = PBXBuildFile; fileRef = EB6D2AAB224A2837002A8A0C /* Splitty.xcdatamodeld */; };
		EB6D2AAF224A283A002A8A0C /* Assets.xcassets in Resources */ = {isa = PBXBuildFile; fileRef = EB6D2AAE224A283A002A8A0C /* Assets.xcassets */; };
		EB6D2AB2224A283B002A8A0C /* LaunchScreen.storyboard in Resources */ = {isa = PBXBuildFile; fileRef = EB6D2AB0224A283B002A8A0C /* LaunchScreen.storyboard */; };
		EB6D2ABD224A283B002A8A0C /* SplittyTests.swift in Sources */ = {isa = PBXBuildFile; fileRef = EB6D2ABC224A283B002A8A0C /* SplittyTests.swift */; };
		EB6D2AC8224A283B002A8A0C /* SplittyUITests.swift in Sources */ = {isa = PBXBuildFile; fileRef = EB6D2AC7224A283B002A8A0C /* SplittyUITests.swift */; };
/* End PBXBuildFile section */

/* Begin PBXContainerItemProxy section */
		EB6D2AB9224A283B002A8A0C /* PBXContainerItemProxy */ = {
			isa = PBXContainerItemProxy;
			containerPortal = EB6D2A99224A2836002A8A0C /* Project object */;
			proxyType = 1;
			remoteGlobalIDString = EB6D2AA0224A2836002A8A0C;
			remoteInfo = Splitty;
		};
		EB6D2AC4224A283B002A8A0C /* PBXContainerItemProxy */ = {
			isa = PBXContainerItemProxy;
			containerPortal = EB6D2A99224A2836002A8A0C /* Project object */;
			proxyType = 1;
			remoteGlobalIDString = EB6D2AA0224A2836002A8A0C;
			remoteInfo = Splitty;
		};
/* End PBXContainerItemProxy section */

/* Begin PBXFileReference section */
		EB6D2AA1224A2836002A8A0C /* Splitty.app */ = {isa = PBXFileReference; explicitFileType = wrapper.application; includeInIndex = 0; path = Splitty.app; sourceTree = BUILT_PRODUCTS_DIR; };
		EB6D2AA4224A2836002A8A0C /* AppDelegate.swift */ = {isa = PBXFileReference; lastKnownFileType = sourcecode.swift; path = AppDelegate.swift; sourceTree = "<group>"; };
		EB6D2AA6224A2836002A8A0C /* ViewController.swift */ = {isa = PBXFileReference; lastKnownFileType = sourcecode.swift; path = ViewController.swift; sourceTree = "<group>"; };
		EB6D2AA9224A2836002A8A0C /* Base */ = {isa = PBXFileReference; lastKnownFileType = file.storyboard; name = Base; path = Base.lproj/Main.storyboard; sourceTree = "<group>"; };
		EB6D2AAC224A2837002A8A0C /* Splitty.xcdatamodel */ = {isa = PBXFileReference; lastKnownFileType = wrapper.xcdatamodel; path = Splitty.xcdatamodel; sourceTree = "<group>"; };
		EB6D2AAE224A283A002A8A0C /* Assets.xcassets */ = {isa = PBXFileReference; lastKnownFileType = folder.assetcatalog; path = Assets.xcassets; sourceTree = "<group>"; };
		EB6D2AB1224A283B002A8A0C /* Base */ = {isa = PBXFileReference; lastKnownFileType = file.storyboard; name = Base; path = Base.lproj/LaunchScreen.storyboard; sourceTree = "<group>"; };
		EB6D2AB3224A283B002A8A0C /* Info.plist */ = {isa = PBXFileReference; lastKnownFileType = text.plist.xml; path = Info.plist; sourceTree = "<group>"; };
		EB6D2AB8224A283B002A8A0C /* SplittyTests.xctest */ = {isa = PBXFileReference; explicitFileType = wrapper.cfbundle; includeInIndex = 0; path = SplittyTests.xctest; sourceTree = BUILT_PRODUCTS_DIR; };
		EB6D2ABC224A283B002A8A0C /* SplittyTests.swift */ = {isa = PBXFileReference; lastKnownFileType = sourcecode.swift; path = SplittyTests.swift; sourceTree = "<group>"; };
		EB6D2ABE224A283B002A8A0C /* Info.plist */ = {isa = PBXFileReference; lastKnownFileType = text.plist.xml; path = Info.plist; sourceTree = "<group>"; };
		EB6D2AC3224A283B002A8A0C /* SplittyUITests.xctest */ = {isa = PBXFileReference; explicitFileType = wrapper.cfbundle; includeInIndex = 0; path = SplittyUITests.xctest; sourceTree = BUILT_PRODUCTS_DIR; };
		EB6D2AC7224A283B002A8A0C /* SplittyUITests.swift */ = {isa = PBXFileReference; lastKnownFileType = sourcecode.swift; path = SplittyUITests.swift; sourceTree = "<group>"; };
		EB6D2AC9224A283B002A8A0C /* Info.plist */ = {isa = PBXFileReference; lastKnownFileType = text.plist.xml; path = Info.plist; sourceTree = "<group>"; };
/* End PBXFileReference section */

/* Begin PBXFrameworksBuildPhase section */
		EB6D2A9E224A2836002A8A0C /* Frameworks */ = {
			isa = PBXFrameworksBuildPhase;
			buildActionMask = 2147483647;
			files = (
			);
			runOnlyForDeploymentPostprocessing = 0;
		};
		EB6D2AB5224A283B002A8A0C /* Frameworks */ = {
			isa = PBXFrameworksBuildPhase;
			buildActionMask = 2147483647;
			files = (
			);
			runOnlyForDeploymentPostprocessing = 0;
		};
		EB6D2AC0224A283B002A8A0C /* Frameworks */ = {
			isa = PBXFrameworksBuildPhase;
			buildActionMask = 2147483647;
			files = (
			);
			runOnlyForDeploymentPostprocessing = 0;
		};
/* End PBXFrameworksBuildPhase section */

/* Begin PBXGroup section */
		EB6D2A98224A2836002A8A0C = {
			isa = PBXGroup;
			children = (
				EB6D2AA3224A2836002A8A0C /* Splitty */,
				EB6D2ABB224A283B002A8A0C /* SplittyTests */,
				EB6D2AC6224A283B002A8A0C /* SplittyUITests */,
				EB6D2AA2224A2836002A8A0C /* Products */,
			);
			sourceTree = "<group>";
		};
		EB6D2AA2224A2836002A8A0C /* Products */ = {
			isa = PBXGroup;
			children = (
				EB6D2AA1224A2836002A8A0C /* Splitty.app */,
				EB6D2AB8224A283B002A8A0C /* SplittyTests.xctest */,
				EB6D2AC3224A283B002A8A0C /* SplittyUITests.xctest */,
			);
			name = Products;
			sourceTree = "<group>";
		};
		EB6D2AA3224A2836002A8A0C /* Splitty */ = {
			isa = PBXGroup;
			children = (
				EB6D2AA4224A2836002A8A0C /* AppDelegate.swift */,
				EB6D2AA6224A2836002A8A0C /* ViewController.swift */,
				EB6D2AA8224A2836002A8A0C /* Main.storyboard */,
				EB6D2AAE224A283A002A8A0C /* Assets.xcassets */,
				EB6D2AB0224A283B002A8A0C /* LaunchScreen.storyboard */,
				EB6D2AB3224A283B002A8A0C /* Info.plist */,
				EB6D2AAB224A2837002A8A0C /* Splitty.xcdatamodeld */,
			);
			path = Splitty;
			sourceTree = "<group>";
		};
		EB6D2ABB224A283B002A8A0C /* SplittyTests */ = {
			isa = PBXGroup;
			children = (
				EB6D2ABC224A283B002A8A0C /* SplittyTests.swift */,
				EB6D2ABE224A283B002A8A0C /* Info.plist */,
			);
			path = SplittyTests;
			sourceTree = "<group>";
		};
		EB6D2AC6224A283B002A8A0C /* SplittyUITests */ = {
			isa = PBXGroup;
			children = (
				EB6D2AC7224A283B002A8A0C /* SplittyUITests.swift */,
				EB6D2AC9224A283B002A8A0C /* Info.plist */,
			);
			path = SplittyUITests;
			sourceTree = "<group>";
		};
/* End PBXGroup section */

/* Begin PBXNativeTarget section */
		EB6D2AA0224A2836002A8A0C /* Splitty */ = {
			isa = PBXNativeTarget;
			buildConfigurationList = EB6D2ACC224A283B002A8A0C /* Build configuration list for PBXNativeTarget "Splitty" */;
			buildPhases = (
				EB6D2A9D224A2836002A8A0C /* Sources */,
				EB6D2A9E224A2836002A8A0C /* Frameworks */,
				EB6D2A9F224A2836002A8A0C /* Resources */,
			);
			buildRules = (
			);
			dependencies = (
			);
			name = Splitty;
			productName = Splitty;
			productReference = EB6D2AA1224A2836002A8A0C /* Splitty.app */;
			productType = "com.apple.product-type.application";
		};
		EB6D2AB7224A283B002A8A0C /* SplittyTests */ = {
			isa = PBXNativeTarget;
			buildConfigurationList = EB6D2ACF224A283B002A8A0C /* Build configuration list for PBXNativeTarget "SplittyTests" */;
			buildPhases = (
				EB6D2AB4224A283B002A8A0C /* Sources */,
				EB6D2AB5224A283B002A8A0C /* Frameworks */,
				EB6D2AB6224A283B002A8A0C /* Resources */,
			);
			buildRules = (
			);
			dependencies = (
				EB6D2ABA224A283B002A8A0C /* PBXTargetDependency */,
			);
			name = SplittyTests;
			productName = SplittyTests;
			productReference = EB6D2AB8224A283B002A8A0C /* SplittyTests.xctest */;
			productType = "com.apple.product-type.bundle.unit-test";
		};
		EB6D2AC2224A283B002A8A0C /* SplittyUITests */ = {
			isa = PBXNativeTarget;
			buildConfigurationList = EB6D2AD2224A283B002A8A0C /* Build configuration list for PBXNativeTarget "SplittyUITests" */;
			buildPhases = (
				EB6D2ABF224A283B002A8A0C /* Sources */,
				EB6D2AC0224A283B002A8A0C /* Frameworks */,
				EB6D2AC1224A283B002A8A0C /* Resources */,
			);
			buildRules = (
			);
			dependencies = (
				EB6D2AC5224A283B002A8A0C /* PBXTargetDependency */,
			);
			name = SplittyUITests;
			productName = SplittyUITests;
			productReference = EB6D2AC3224A283B002A8A0C /* SplittyUITests.xctest */;
			productType = "com.apple.product-type.bundle.ui-testing";
		};
/* End PBXNativeTarget section */

/* Begin PBXProject section */
		EB6D2A99224A2836002A8A0C /* Project object */ = {
			isa = PBXProject;
			attributes = {
				LastSwiftUpdateCheck = 1010;
				LastUpgradeCheck = 1010;
				ORGANIZATIONNAME = "Marian ALDESCU";
				TargetAttributes = {
					EB6D2AA0224A2836002A8A0C = {
						CreatedOnToolsVersion = 10.1;
					};
					EB6D2AB7224A283B002A8A0C = {
						CreatedOnToolsVersion = 10.1;
						TestTargetID = EB6D2AA0224A2836002A8A0C;
					};
					EB6D2AC2224A283B002A8A0C = {
						CreatedOnToolsVersion = 10.1;
						TestTargetID = EB6D2AA0224A2836002A8A0C;
					};
				};
			};
			buildConfigurationList = EB6D2A9C224A2836002A8A0C /* Build configuration list for PBXProject "Splitty" */;
			compatibilityVersion = "Xcode 9.3";
			developmentRegion = en;
			hasScannedForEncodings = 0;
			knownRegions = (
				en,
				Base,
			);
			mainGroup = EB6D2A98224A2836002A8A0C;
			productRefGroup = EB6D2AA2224A2836002A8A0C /* Products */;
			projectDirPath = "";
			projectRoot = "";
			targets = (
				EB6D2AA0224A2836002A8A0C /* Splitty */,
				EB6D2AB7224A283B002A8A0C /* SplittyTests */,
				EB6D2AC2224A283B002A8A0C /* SplittyUITests */,
			);
		};
/* End PBXProject section */

/* Begin PBXResourcesBuildPhase section */
		EB6D2A9F224A2836002A8A0C /* Resources */ = {
			isa = PBXResourcesBuildPhase;
			buildActionMask = 2147483647;
			files = (
				EB6D2AB2224A283B002A8A0C /* LaunchScreen.storyboard in Resources */,
				EB6D2AAF224A283A002A8A0C /* Assets.xcassets in Resources */,
				EB6D2AAA224A2836002A8A0C /* Main.storyboard in Resources */,
			);
			runOnlyForDeploymentPostprocessing = 0;
		};
		EB6D2AB6224A283B002A8A0C /* Resources */ = {
			isa = PBXResourcesBuildPhase;
			buildActionMask = 2147483647;
			files = (
			);
			runOnlyForDeploymentPostprocessing = 0;
		};
		EB6D2AC1224A283B002A8A0C /* Resources */ = {
			isa = PBXResourcesBuildPhase;
			buildActionMask = 2147483647;
			files = (
			);
			runOnlyForDeploymentPostprocessing = 0;
		};
/* End PBXResourcesBuildPhase section */

/* Begin PBXSourcesBuildPhase section */
		EB6D2A9D224A2836002A8A0C /* Sources */ = {
			isa = PBXSourcesBuildPhase;
			buildActionMask = 2147483647;
			files = (
				EB6D2AA7224A2836002A8A0C /* ViewController.swift in Sources */,
				EB6D2AAD224A2837002A8A0C /* Splitty.xcdatamodeld in Sources */,
				EB6D2AA5224A2836002A8A0C /* AppDelegate.swift in Sources */,
			);
			runOnlyForDeploymentPostprocessing = 0;
		};
		EB6D2AB4224A283B002A8A0C /* Sources */ = {
			isa = PBXSourcesBuildPhase;
			buildActionMask = 2147483647;
			files = (
				EB6D2ABD224A283B002A8A0C /* SplittyTests.swift in Sources */,
			);
			runOnlyForDeploymentPostprocessing = 0;
		};
		EB6D2ABF224A283B002A8A0C /* Sources */ = {
			isa = PBXSourcesBuildPhase;
			buildActionMask = 2147483647;
			files = (
				EB6D2AC8224A283B002A8A0C /* SplittyUITests.swift in Sources */,
			);
			runOnlyForDeploymentPostprocessing = 0;
		};
/* End PBXSourcesBuildPhase section */

/* Begin PBXTargetDependency section */
		EB6D2ABA224A283B002A8A0C /* PBXTargetDependency */ = {
			isa = PBXTargetDependency;
			target = EB6D2AA0224A2836002A8A0C /* Splitty */;
			targetProxy = EB6D2AB9224A283B002A8A0C /* PBXContainerItemProxy */;
		};
		EB6D2AC5224A283B002A8A0C /* PBXTargetDependency */ = {
			isa = PBXTargetDependency;
			target = EB6D2AA0224A2836002A8A0C /* Splitty */;
			targetProxy = EB6D2AC4224A283B002A8A0C /* PBXContainerItemProxy */;
		};
/* End PBXTargetDependency section */

/* Begin PBXVariantGroup section */
		EB6D2AA8224A2836002A8A0C /* Main.storyboard */ = {
			isa = PBXVariantGroup;
			children = (
				EB6D2AA9224A2836002A8A0C /* Base */,
			);
			name = Main.storyboard;
			sourceTree = "<group>";
		};
		EB6D2AB0224A283B002A8A0C /* LaunchScreen.storyboard */ = {
			isa = PBXVariantGroup;
			children = (
				EB6D2AB1224A283B002A8A0C /* Base */,
			);
			name = LaunchScreen.storyboard;
			sourceTree = "<group>";
		};
/* End PBXVariantGroup section */

/* Begin XCBuildConfiguration section */
		EB6D2ACA224A283B002A8A0C /* Debug */ = {
			isa = XCBuildConfiguration;
			buildSettings = {
				ALWAYS_SEARCH_USER_PATHS = NO;
				CLANG_ANALYZER_NONNULL = YES;
				CLANG_ANALYZER_NUMBER_OBJECT_CONVERSION = YES_AGGRESSIVE;
				CLANG_CXX_LANGUAGE_STANDARD = "gnu++14";
				CLANG_CXX_LIBRARY = "libc++";
				CLANG_ENABLE_MODULES = YES;
				CLANG_ENABLE_OBJC_ARC = YES;
				CLANG_ENABLE_OBJC_WEAK = YES;
				CLANG_WARN_BLOCK_CAPTURE_AUTORELEASING = YES;
				CLANG_WARN_BOOL_CONVERSION = YES;
				CLANG_WARN_COMMA = YES;
				CLANG_WARN_CONSTANT_CONVERSION = YES;
				CLANG_WARN_DEPRECATED_OBJC_IMPLEMENTATIONS = YES;
				CLANG_WARN_DIRECT_OBJC_ISA_USAGE = YES_ERROR;
				CLANG_WARN_DOCUMENTATION_COMMENTS = YES;
				CLANG_WARN_EMPTY_BODY = YES;
				CLANG_WARN_ENUM_CONVERSION = YES;
				CLANG_WARN_INFINITE_RECURSION = YES;
				CLANG_WARN_INT_CONVERSION = YES;
				CLANG_WARN_NON_LITERAL_NULL_CONVERSION = YES;
				CLANG_WARN_OBJC_IMPLICIT_RETAIN_SELF = YES;
				CLANG_WARN_OBJC_LITERAL_CONVERSION = YES;
				CLANG_WARN_OBJC_ROOT_CLASS = YES_ERROR;
				CLANG_WARN_RANGE_LOOP_ANALYSIS = YES;
				CLANG_WARN_STRICT_PROTOTYPES = YES;
				CLANG_WARN_SUSPICIOUS_MOVE = YES;
				CLANG_WARN_UNGUARDED_AVAILABILITY = YES_AGGRESSIVE;
				CLANG_WARN_UNREACHABLE_CODE = YES;
				CLANG_WARN__DUPLICATE_METHOD_MATCH = YES;
				CODE_SIGN_IDENTITY = "iPhone Developer";
				COPY_PHASE_STRIP = NO;
				DEBUG_INFORMATION_FORMAT = dwarf;
				ENABLE_STRICT_OBJC_MSGSEND = YES;
				ENABLE_TESTABILITY = YES;
				GCC_C_LANGUAGE_STANDARD = gnu11;
				GCC_DYNAMIC_NO_PIC = NO;
				GCC_NO_COMMON_BLOCKS = YES;
				GCC_OPTIMIZATION_LEVEL = 0;
				GCC_PREPROCESSOR_DEFINITIONS = (
					"DEBUG=1",
					"$(inherited)",
				);
				GCC_WARN_64_TO_32_BIT_CONVERSION = YES;
				GCC_WARN_ABOUT_RETURN_TYPE = YES_ERROR;
				GCC_WARN_UNDECLARED_SELECTOR = YES;
				GCC_WARN_UNINITIALIZED_AUTOS = YES_AGGRESSIVE;
				GCC_WARN_UNUSED_FUNCTION = YES;
				GCC_WARN_UNUSED_VARIABLE = YES;
				IPHONEOS_DEPLOYMENT_TARGET = 12.1;
				MTL_ENABLE_DEBUG_INFO = INCLUDE_SOURCE;
				MTL_FAST_MATH = YES;
				ONLY_ACTIVE_ARCH = YES;
				SDKROOT = iphoneos;
				SWIFT_ACTIVE_COMPILATION_CONDITIONS = DEBUG;
				SWIFT_OPTIMIZATION_LEVEL = "-Onone";
			};
			name = Debug;
		};
		EB6D2ACB224A283B002A8A0C /* Release */ = {
			isa = XCBuildConfiguration;
			buildSettings = {
				ALWAYS_SEARCH_USER_PATHS = NO;
				CLANG_ANALYZER_NONNULL = YES;
				CLANG_ANALYZER_NUMBER_OBJECT_CONVERSION = YES_AGGRESSIVE;
				CLANG_CXX_LANGUAGE_STANDARD = "gnu++14";
				CLANG_CXX_LIBRARY = "libc++";
				CLANG_ENABLE_MODULES = YES;
				CLANG_ENABLE_OBJC_ARC = YES;
				CLANG_ENABLE_OBJC_WEAK = YES;
				CLANG_WARN_BLOCK_CAPTURE_AUTORELEASING = YES;
				CLANG_WARN_BOOL_CONVERSION = YES;
				CLANG_WARN_COMMA = YES;
				CLANG_WARN_CONSTANT_CONVERSION = YES;
				CLANG_WARN_DEPRECATED_OBJC_IMPLEMENTATIONS = YES;
				CLANG_WARN_DIRECT_OBJC_ISA_USAGE = YES_ERROR;
				CLANG_WARN_DOCUMENTATION_COMMENTS = YES;
				CLANG_WARN_EMPTY_BODY = YES;
				CLANG_WARN_ENUM_CONVERSION = YES;
				CLANG_WARN_INFINITE_RECURSION = YES;
				CLANG_WARN_INT_CONVERSION = YES;
				CLANG_WARN_NON_LITERAL_NULL_CONVERSION = YES;
				CLANG_WARN_OBJC_IMPLICIT_RETAIN_SELF = YES;
				CLANG_WARN_OBJC_LITERAL_CONVERSION = YES;
				CLANG_WARN_OBJC_ROOT_CLASS = YES_ERROR;
				CLANG_WARN_RANGE_LOOP_ANALYSIS = YES;
				CLANG_WARN_STRICT_PROTOTYPES = YES;
				CLANG_WARN_SUSPICIOUS_MOVE = YES;
				CLANG_WARN_UNGUARDED_AVAILABILITY = YES_AGGRESSIVE;
				CLANG_WARN_UNREACHABLE_CODE = YES;
				CLANG_WARN__DUPLICATE_METHOD_MATCH = YES;
				CODE_SIGN_IDENTITY = "iPhone Developer";
				COPY_PHASE_STRIP = NO;
				DEBUG_INFORMATION_FORMAT = "dwarf-with-dsym";
				ENABLE_NS_ASSERTIONS = NO;
				ENABLE_STRICT_OBJC_MSGSEND = YES;
				GCC_C_LANGUAGE_STANDARD = gnu11;
				GCC_NO_COMMON_BLOCKS = YES;
				GCC_WARN_64_TO_32_BIT_CONVERSION = YES;
				GCC_WARN_ABOUT_RETURN_TYPE = YES_ERROR;
				GCC_WARN_UNDECLARED_SELECTOR = YES;
				GCC_WARN_UNINITIALIZED_AUTOS = YES_AGGRESSIVE;
				GCC_WARN_UNUSED_FUNCTION = YES;
				GCC_WARN_UNUSED_VARIABLE = YES;
				IPHONEOS_DEPLOYMENT_TARGET = 12.1;
				MTL_ENABLE_DEBUG_INFO = NO;
				MTL_FAST_MATH = YES;
				SDKROOT = iphoneos;
				SWIFT_COMPILATION_MODE = wholemodule;
				SWIFT_OPTIMIZATION_LEVEL = "-O";
				VALIDATE_PRODUCT = YES;
			};
			name = Release;
		};
		EB6D2ACD224A283B002A8A0C /* Debug */ = {
			isa = XCBuildConfiguration;
			buildSettings = {
				ASSETCATALOG_COMPILER_APPICON_NAME = AppIcon;
				CODE_SIGN_STYLE = Automatic;
				INFOPLIST_FILE = Splitty/Info.plist;
				LD_RUNPATH_SEARCH_PATHS = (
					"$(inherited)",
					"@executable_path/Frameworks",
				);
				PRODUCT_BUNDLE_IDENTIFIER = IG4.Splitty;
				PRODUCT_NAME = "$(TARGET_NAME)";
				SWIFT_VERSION = 4.2;
				TARGETED_DEVICE_FAMILY = "1,2";
			};
			name = Debug;
		};
		EB6D2ACE224A283B002A8A0C /* Release */ = {
			isa = XCBuildConfiguration;
			buildSettings = {
				ASSETCATALOG_COMPILER_APPICON_NAME = AppIcon;
				CODE_SIGN_STYLE = Automatic;
				INFOPLIST_FILE = Splitty/Info.plist;
				LD_RUNPATH_SEARCH_PATHS = (
					"$(inherited)",
					"@executable_path/Frameworks",
				);
				PRODUCT_BUNDLE_IDENTIFIER = IG4.Splitty;
				PRODUCT_NAME = "$(TARGET_NAME)";
				SWIFT_VERSION = 4.2;
				TARGETED_DEVICE_FAMILY = "1,2";
			};
			name = Release;
		};
		EB6D2AD0224A283B002A8A0C /* Debug */ = {
			isa = XCBuildConfiguration;
			buildSettings = {
				ALWAYS_EMBED_SWIFT_STANDARD_LIBRARIES = YES;
				BUNDLE_LOADER = "$(TEST_HOST)";
				CODE_SIGN_STYLE = Automatic;
				INFOPLIST_FILE = SplittyTests/Info.plist;
				LD_RUNPATH_SEARCH_PATHS = (
					"$(inherited)",
					"@executable_path/Frameworks",
					"@loader_path/Frameworks",
				);
				PRODUCT_BUNDLE_IDENTIFIER = IG4.SplittyTests;
				PRODUCT_NAME = "$(TARGET_NAME)";
				SWIFT_VERSION = 4.2;
				TARGETED_DEVICE_FAMILY = "1,2";
				TEST_HOST = "$(BUILT_PRODUCTS_DIR)/Splitty.app/Splitty";
			};
			name = Debug;
		};
		EB6D2AD1224A283B002A8A0C /* Release */ = {
			isa = XCBuildConfiguration;
			buildSettings = {
				ALWAYS_EMBED_SWIFT_STANDARD_LIBRARIES = YES;
				BUNDLE_LOADER = "$(TEST_HOST)";
				CODE_SIGN_STYLE = Automatic;
				INFOPLIST_FILE = SplittyTests/Info.plist;
				LD_RUNPATH_SEARCH_PATHS = (
					"$(inherited)",
					"@executable_path/Frameworks",
					"@loader_path/Frameworks",
				);
				PRODUCT_BUNDLE_IDENTIFIER = IG4.SplittyTests;
				PRODUCT_NAME = "$(TARGET_NAME)";
				SWIFT_VERSION = 4.2;
				TARGETED_DEVICE_FAMILY = "1,2";
				TEST_HOST = "$(BUILT_PRODUCTS_DIR)/Splitty.app/Splitty";
			};
			name = Release;
		};
		EB6D2AD3224A283B002A8A0C /* Debug */ = {
			isa = XCBuildConfiguration;
			buildSettings = {
				ALWAYS_EMBED_SWIFT_STANDARD_LIBRARIES = YES;
				CODE_SIGN_STYLE = Automatic;
				INFOPLIST_FILE = SplittyUITests/Info.plist;
				LD_RUNPATH_SEARCH_PATHS = (
					"$(inherited)",
					"@executable_path/Frameworks",
					"@loader_path/Frameworks",
				);
				PRODUCT_BUNDLE_IDENTIFIER = IG4.SplittyUITests;
				PRODUCT_NAME = "$(TARGET_NAME)";
				SWIFT_VERSION = 4.2;
				TARGETED_DEVICE_FAMILY = "1,2";
				TEST_TARGET_NAME = Splitty;
			};
			name = Debug;
		};
		EB6D2AD4224A283B002A8A0C /* Release */ = {
			isa = XCBuildConfiguration;
			buildSettings = {
				ALWAYS_EMBED_SWIFT_STANDARD_LIBRARIES = YES;
				CODE_SIGN_STYLE = Automatic;
				INFOPLIST_FILE = SplittyUITests/Info.plist;
				LD_RUNPATH_SEARCH_PATHS = (
					"$(inherited)",
					"@executable_path/Frameworks",
					"@loader_path/Frameworks",
				);
				PRODUCT_BUNDLE_IDENTIFIER = IG4.SplittyUITests;
				PRODUCT_NAME = "$(TARGET_NAME)";
				SWIFT_VERSION = 4.2;
				TARGETED_DEVICE_FAMILY = "1,2";
				TEST_TARGET_NAME = Splitty;
			};
			name = Release;
		};
/* End XCBuildConfiguration section */

/* Begin XCConfigurationList section */
		EB6D2A9C224A2836002A8A0C /* Build configuration list for PBXProject "Splitty" */ = {
			isa = XCConfigurationList;
			buildConfigurations = (
				EB6D2ACA224A283B002A8A0C /* Debug */,
				EB6D2ACB224A283B002A8A0C /* Release */,
			);
			defaultConfigurationIsVisible = 0;
			defaultConfigurationName = Release;
		};
		EB6D2ACC224A283B002A8A0C /* Build configuration list for PBXNativeTarget "Splitty" */ = {
			isa = XCConfigurationList;
			buildConfigurations = (
				EB6D2ACD224A283B002A8A0C /* Debug */,
				EB6D2ACE224A283B002A8A0C /* Release */,
			);
			defaultConfigurationIsVisible = 0;
			defaultConfigurationName = Release;
		};
		EB6D2ACF224A283B002A8A0C /* Build configuration list for PBXNativeTarget "SplittyTests" */ = {
			isa = XCConfigurationList;
			buildConfigurations = (
				EB6D2AD0224A283B002A8A0C /* Debug */,
				EB6D2AD1224A283B002A8A0C /* Release */,
			);
			defaultConfigurationIsVisible = 0;
			defaultConfigurationName = Release;
		};
		EB6D2AD2224A283B002A8A0C /* Build configuration list for PBXNativeTarget "SplittyUITests" */ = {
			isa = XCConfigurationList;
			buildConfigurations = (
				EB6D2AD3224A283B002A8A0C /* Debug */,
				EB6D2AD4224A283B002A8A0C /* Release */,
			);
			defaultConfigurationIsVisible = 0;
			defaultConfigurationName = Release;
		};
/* End XCConfigurationList section */

/* Begin XCVersionGroup section */
		EB6D2AAB224A2837002A8A0C /* Splitty.xcdatamodeld */ = {
			isa = XCVersionGroup;
			children = (
				EB6D2AAC224A2837002A8A0C /* Splitty.xcdatamodel */,
			);
			currentVersion = EB6D2AAC224A2837002A8A0C /* Splitty.xcdatamodel */;
			path = Splitty.xcdatamodeld;
			sourceTree = "<group>";
			versionGroupType = wrapper.xcdatamodel;
		};
/* End XCVersionGroup section */
	};
	rootObject = EB6D2A99224A2836002A8A0C /* Project object */;
}
