// !$*UTF8*$!
{
	archiveVersion = 1;
	classes = {
	};
	objectVersion = 50;
	objects = {

/* Begin PBXBuildFile section */
		EBB76D7D223ABD2600E787A6 /* AppDelegate.swift in Sources */ = {isa = PBXBuildFile; fileRef = EBB76D7C223ABD2600E787A6 /* AppDelegate.swift */; };
		EBB76D7F223ABD2600E787A6 /* ViewController.swift in Sources */ = {isa = PBXBuildFile; fileRef = EBB76D7E223ABD2600E787A6 /* ViewController.swift */; };
		EBB76D82223ABD2600E787A6 /* Main.storyboard in Resources */ = {isa = PBXBuildFile; fileRef = EBB76D80223ABD2600E787A6 /* Main.storyboard */; };
		EBB76D85223ABD2600E787A6 /* Pers.xcdatamodeld in Sources */ = {isa = PBXBuildFile; fileRef = EBB76D83223ABD2600E787A6 /* Pers.xcdatamodeld */; };
		EBB76D87223ABD2900E787A6 /* Assets.xcassets in Resources */ = {isa = PBXBuildFile; fileRef = EBB76D86223ABD2900E787A6 /* Assets.xcassets */; };
		EBB76D8A223ABD2900E787A6 /* LaunchScreen.storyboard in Resources */ = {isa = PBXBuildFile; fileRef = EBB76D88223ABD2900E787A6 /* LaunchScreen.storyboard */; };
		EBB76D95223ABD2900E787A6 /* PersTests.swift in Sources */ = {isa = PBXBuildFile; fileRef = EBB76D94223ABD2900E787A6 /* PersTests.swift */; };
		EBB76DA0223ABD2900E787A6 /* PersUITests.swift in Sources */ = {isa = PBXBuildFile; fileRef = EBB76D9F223ABD2900E787A6 /* PersUITests.swift */; };
		EBB76DAF223ABD5E00E787A6 /* Person.swift in Sources */ = {isa = PBXBuildFile; fileRef = EBB76DAE223ABD5E00E787A6 /* Person.swift */; };
		EBB76DB1223ABD7C00E787A6 /* PersonSet.swift in Sources */ = {isa = PBXBuildFile; fileRef = EBB76DB0223ABD7C00E787A6 /* PersonSet.swift */; };
		EBB76DB3223ABD8E00E787A6 /* ItPersonSet.swift in Sources */ = {isa = PBXBuildFile; fileRef = EBB76DB2223ABD8E00E787A6 /* ItPersonSet.swift */; };
/* End PBXBuildFile section */

/* Begin PBXContainerItemProxy section */
		EBB76D91223ABD2900E787A6 /* PBXContainerItemProxy */ = {
			isa = PBXContainerItemProxy;
			containerPortal = EBB76D71223ABD2600E787A6 /* Project object */;
			proxyType = 1;
			remoteGlobalIDString = EBB76D78223ABD2600E787A6;
			remoteInfo = Pers;
		};
		EBB76D9C223ABD2900E787A6 /* PBXContainerItemProxy */ = {
			isa = PBXContainerItemProxy;
			containerPortal = EBB76D71223ABD2600E787A6 /* Project object */;
			proxyType = 1;
			remoteGlobalIDString = EBB76D78223ABD2600E787A6;
			remoteInfo = Pers;
		};
/* End PBXContainerItemProxy section */

/* Begin PBXFileReference section */
		EBB76D79223ABD2600E787A6 /* Pers.app */ = {isa = PBXFileReference; explicitFileType = wrapper.application; includeInIndex = 0; path = Pers.app; sourceTree = BUILT_PRODUCTS_DIR; };
		EBB76D7C223ABD2600E787A6 /* AppDelegate.swift */ = {isa = PBXFileReference; lastKnownFileType = sourcecode.swift; path = AppDelegate.swift; sourceTree = "<group>"; };
		EBB76D7E223ABD2600E787A6 /* ViewController.swift */ = {isa = PBXFileReference; lastKnownFileType = sourcecode.swift; path = ViewController.swift; sourceTree = "<group>"; };
		EBB76D81223ABD2600E787A6 /* Base */ = {isa = PBXFileReference; lastKnownFileType = file.storyboard; name = Base; path = Base.lproj/Main.storyboard; sourceTree = "<group>"; };
		EBB76D84223ABD2600E787A6 /* Pers.xcdatamodel */ = {isa = PBXFileReference; lastKnownFileType = wrapper.xcdatamodel; path = Pers.xcdatamodel; sourceTree = "<group>"; };
		EBB76D86223ABD2900E787A6 /* Assets.xcassets */ = {isa = PBXFileReference; lastKnownFileType = folder.assetcatalog; path = Assets.xcassets; sourceTree = "<group>"; };
		EBB76D89223ABD2900E787A6 /* Base */ = {isa = PBXFileReference; lastKnownFileType = file.storyboard; name = Base; path = Base.lproj/LaunchScreen.storyboard; sourceTree = "<group>"; };
		EBB76D8B223ABD2900E787A6 /* Info.plist */ = {isa = PBXFileReference; lastKnownFileType = text.plist.xml; path = Info.plist; sourceTree = "<group>"; };
		EBB76D90223ABD2900E787A6 /* PersTests.xctest */ = {isa = PBXFileReference; explicitFileType = wrapper.cfbundle; includeInIndex = 0; path = PersTests.xctest; sourceTree = BUILT_PRODUCTS_DIR; };
		EBB76D94223ABD2900E787A6 /* PersTests.swift */ = {isa = PBXFileReference; lastKnownFileType = sourcecode.swift; path = PersTests.swift; sourceTree = "<group>"; };
		EBB76D96223ABD2900E787A6 /* Info.plist */ = {isa = PBXFileReference; lastKnownFileType = text.plist.xml; path = Info.plist; sourceTree = "<group>"; };
		EBB76D9B223ABD2900E787A6 /* PersUITests.xctest */ = {isa = PBXFileReference; explicitFileType = wrapper.cfbundle; includeInIndex = 0; path = PersUITests.xctest; sourceTree = BUILT_PRODUCTS_DIR; };
		EBB76D9F223ABD2900E787A6 /* PersUITests.swift */ = {isa = PBXFileReference; lastKnownFileType = sourcecode.swift; path = PersUITests.swift; sourceTree = "<group>"; };
		EBB76DA1223ABD2900E787A6 /* Info.plist */ = {isa = PBXFileReference; lastKnownFileType = text.plist.xml; path = Info.plist; sourceTree = "<group>"; };
		EBB76DAE223ABD5E00E787A6 /* Person.swift */ = {isa = PBXFileReference; lastKnownFileType = sourcecode.swift; path = Person.swift; sourceTree = "<group>"; };
		EBB76DB0223ABD7C00E787A6 /* PersonSet.swift */ = {isa = PBXFileReference; lastKnownFileType = sourcecode.swift; path = PersonSet.swift; sourceTree = "<group>"; };
		EBB76DB2223ABD8E00E787A6 /* ItPersonSet.swift */ = {isa = PBXFileReference; lastKnownFileType = sourcecode.swift; path = ItPersonSet.swift; sourceTree = "<group>"; };
/* End PBXFileReference section */

/* Begin PBXFrameworksBuildPhase section */
		EBB76D76223ABD2600E787A6 /* Frameworks */ = {
			isa = PBXFrameworksBuildPhase;
			buildActionMask = 2147483647;
			files = (
			);
			runOnlyForDeploymentPostprocessing = 0;
		};
		EBB76D8D223ABD2900E787A6 /* Frameworks */ = {
			isa = PBXFrameworksBuildPhase;
			buildActionMask = 2147483647;
			files = (
			);
			runOnlyForDeploymentPostprocessing = 0;
		};
		EBB76D98223ABD2900E787A6 /* Frameworks */ = {
			isa = PBXFrameworksBuildPhase;
			buildActionMask = 2147483647;
			files = (
			);
			runOnlyForDeploymentPostprocessing = 0;
		};
/* End PBXFrameworksBuildPhase section */

/* Begin PBXGroup section */
		EBB76D70223ABD2600E787A6 = {
			isa = PBXGroup;
			children = (
				EBB76D7B223ABD2600E787A6 /* Pers */,
				EBB76D93223ABD2900E787A6 /* PersTests */,
				EBB76D9E223ABD2900E787A6 /* PersUITests */,
				EBB76D7A223ABD2600E787A6 /* Products */,
			);
			sourceTree = "<group>";
		};
		EBB76D7A223ABD2600E787A6 /* Products */ = {
			isa = PBXGroup;
			children = (
				EBB76D79223ABD2600E787A6 /* Pers.app */,
				EBB76D90223ABD2900E787A6 /* PersTests.xctest */,
				EBB76D9B223ABD2900E787A6 /* PersUITests.xctest */,
			);
			name = Products;
			sourceTree = "<group>";
		};
		EBB76D7B223ABD2600E787A6 /* Pers */ = {
			isa = PBXGroup;
			children = (
				EBB76DAD223ABD3C00E787A6 /* Pers_group */,
				EBB76D7C223ABD2600E787A6 /* AppDelegate.swift */,
				EBB76D7E223ABD2600E787A6 /* ViewController.swift */,
				EBB76D80223ABD2600E787A6 /* Main.storyboard */,
				EBB76D86223ABD2900E787A6 /* Assets.xcassets */,
				EBB76D88223ABD2900E787A6 /* LaunchScreen.storyboard */,
				EBB76D8B223ABD2900E787A6 /* Info.plist */,
				EBB76D83223ABD2600E787A6 /* Pers.xcdatamodeld */,
			);
			path = Pers;
			sourceTree = "<group>";
		};
		EBB76D93223ABD2900E787A6 /* PersTests */ = {
			isa = PBXGroup;
			children = (
				EBB76D94223ABD2900E787A6 /* PersTests.swift */,
				EBB76D96223ABD2900E787A6 /* Info.plist */,
			);
			path = PersTests;
			sourceTree = "<group>";
		};
		EBB76D9E223ABD2900E787A6 /* PersUITests */ = {
			isa = PBXGroup;
			children = (
				EBB76D9F223ABD2900E787A6 /* PersUITests.swift */,
				EBB76DA1223ABD2900E787A6 /* Info.plist */,
			);
			path = PersUITests;
			sourceTree = "<group>";
		};
		EBB76DAD223ABD3C00E787A6 /* Pers_group */ = {
			isa = PBXGroup;
			children = (
				EBB76DAE223ABD5E00E787A6 /* Person.swift */,
				EBB76DB0223ABD7C00E787A6 /* PersonSet.swift */,
				EBB76DB2223ABD8E00E787A6 /* ItPersonSet.swift */,
			);
			path = Pers_group;
			sourceTree = "<group>";
		};
/* End PBXGroup section */

/* Begin PBXNativeTarget section */
		EBB76D78223ABD2600E787A6 /* Pers */ = {
			isa = PBXNativeTarget;
			buildConfigurationList = EBB76DA4223ABD2900E787A6 /* Build configuration list for PBXNativeTarget "Pers" */;
			buildPhases = (
				EBB76D75223ABD2600E787A6 /* Sources */,
				EBB76D76223ABD2600E787A6 /* Frameworks */,
				EBB76D77223ABD2600E787A6 /* Resources */,
			);
			buildRules = (
			);
			dependencies = (
			);
			name = Pers;
			productName = Pers;
			productReference = EBB76D79223ABD2600E787A6 /* Pers.app */;
			productType = "com.apple.product-type.application";
		};
		EBB76D8F223ABD2900E787A6 /* PersTests */ = {
			isa = PBXNativeTarget;
			buildConfigurationList = EBB76DA7223ABD2900E787A6 /* Build configuration list for PBXNativeTarget "PersTests" */;
			buildPhases = (
				EBB76D8C223ABD2900E787A6 /* Sources */,
				EBB76D8D223ABD2900E787A6 /* Frameworks */,
				EBB76D8E223ABD2900E787A6 /* Resources */,
			);
			buildRules = (
			);
			dependencies = (
				EBB76D92223ABD2900E787A6 /* PBXTargetDependency */,
			);
			name = PersTests;
			productName = PersTests;
			productReference = EBB76D90223ABD2900E787A6 /* PersTests.xctest */;
			productType = "com.apple.product-type.bundle.unit-test";
		};
		EBB76D9A223ABD2900E787A6 /* PersUITests */ = {
			isa = PBXNativeTarget;
			buildConfigurationList = EBB76DAA223ABD2900E787A6 /* Build configuration list for PBXNativeTarget "PersUITests" */;
			buildPhases = (
				EBB76D97223ABD2900E787A6 /* Sources */,
				EBB76D98223ABD2900E787A6 /* Frameworks */,
				EBB76D99223ABD2900E787A6 /* Resources */,
			);
			buildRules = (
			);
			dependencies = (
				EBB76D9D223ABD2900E787A6 /* PBXTargetDependency */,
			);
			name = PersUITests;
			productName = PersUITests;
			productReference = EBB76D9B223ABD2900E787A6 /* PersUITests.xctest */;
			productType = "com.apple.product-type.bundle.ui-testing";
		};
/* End PBXNativeTarget section */

/* Begin PBXProject section */
		EBB76D71223ABD2600E787A6 /* Project object */ = {
			isa = PBXProject;
			attributes = {
				LastSwiftUpdateCheck = 1010;
				LastUpgradeCheck = 1010;
				ORGANIZATIONNAME = "Marian ALDESCU";
				TargetAttributes = {
					EBB76D78223ABD2600E787A6 = {
						CreatedOnToolsVersion = 10.1;
					};
					EBB76D8F223ABD2900E787A6 = {
						CreatedOnToolsVersion = 10.1;
						TestTargetID = EBB76D78223ABD2600E787A6;
					};
					EBB76D9A223ABD2900E787A6 = {
						CreatedOnToolsVersion = 10.1;
						TestTargetID = EBB76D78223ABD2600E787A6;
					};
				};
			};
			buildConfigurationList = EBB76D74223ABD2600E787A6 /* Build configuration list for PBXProject "Pers" */;
			compatibilityVersion = "Xcode 9.3";
			developmentRegion = en;
			hasScannedForEncodings = 0;
			knownRegions = (
				en,
				Base,
			);
			mainGroup = EBB76D70223ABD2600E787A6;
			productRefGroup = EBB76D7A223ABD2600E787A6 /* Products */;
			projectDirPath = "";
			projectRoot = "";
			targets = (
				EBB76D78223ABD2600E787A6 /* Pers */,
				EBB76D8F223ABD2900E787A6 /* PersTests */,
				EBB76D9A223ABD2900E787A6 /* PersUITests */,
			);
		};
/* End PBXProject section */

/* Begin PBXResourcesBuildPhase section */
		EBB76D77223ABD2600E787A6 /* Resources */ = {
			isa = PBXResourcesBuildPhase;
			buildActionMask = 2147483647;
			files = (
				EBB76D8A223ABD2900E787A6 /* LaunchScreen.storyboard in Resources */,
				EBB76D87223ABD2900E787A6 /* Assets.xcassets in Resources */,
				EBB76D82223ABD2600E787A6 /* Main.storyboard in Resources */,
			);
			runOnlyForDeploymentPostprocessing = 0;
		};
		EBB76D8E223ABD2900E787A6 /* Resources */ = {
			isa = PBXResourcesBuildPhase;
			buildActionMask = 2147483647;
			files = (
			);
			runOnlyForDeploymentPostprocessing = 0;
		};
		EBB76D99223ABD2900E787A6 /* Resources */ = {
			isa = PBXResourcesBuildPhase;
			buildActionMask = 2147483647;
			files = (
			);
			runOnlyForDeploymentPostprocessing = 0;
		};
/* End PBXResourcesBuildPhase section */

/* Begin PBXSourcesBuildPhase section */
		EBB76D75223ABD2600E787A6 /* Sources */ = {
			isa = PBXSourcesBuildPhase;
			buildActionMask = 2147483647;
			files = (
				EBB76DB3223ABD8E00E787A6 /* ItPersonSet.swift in Sources */,
				EBB76DB1223ABD7C00E787A6 /* PersonSet.swift in Sources */,
				EBB76D7F223ABD2600E787A6 /* ViewController.swift in Sources */,
				EBB76D7D223ABD2600E787A6 /* AppDelegate.swift in Sources */,
				EBB76DAF223ABD5E00E787A6 /* Person.swift in Sources */,
				EBB76D85223ABD2600E787A6 /* Pers.xcdatamodeld in Sources */,
			);
			runOnlyForDeploymentPostprocessing = 0;
		};
		EBB76D8C223ABD2900E787A6 /* Sources */ = {
			isa = PBXSourcesBuildPhase;
			buildActionMask = 2147483647;
			files = (
				EBB76D95223ABD2900E787A6 /* PersTests.swift in Sources */,
			);
			runOnlyForDeploymentPostprocessing = 0;
		};
		EBB76D97223ABD2900E787A6 /* Sources */ = {
			isa = PBXSourcesBuildPhase;
			buildActionMask = 2147483647;
			files = (
				EBB76DA0223ABD2900E787A6 /* PersUITests.swift in Sources */,
			);
			runOnlyForDeploymentPostprocessing = 0;
		};
/* End PBXSourcesBuildPhase section */

/* Begin PBXTargetDependency section */
		EBB76D92223ABD2900E787A6 /* PBXTargetDependency */ = {
			isa = PBXTargetDependency;
			target = EBB76D78223ABD2600E787A6 /* Pers */;
			targetProxy = EBB76D91223ABD2900E787A6 /* PBXContainerItemProxy */;
		};
		EBB76D9D223ABD2900E787A6 /* PBXTargetDependency */ = {
			isa = PBXTargetDependency;
			target = EBB76D78223ABD2600E787A6 /* Pers */;
			targetProxy = EBB76D9C223ABD2900E787A6 /* PBXContainerItemProxy */;
		};
/* End PBXTargetDependency section */

/* Begin PBXVariantGroup section */
		EBB76D80223ABD2600E787A6 /* Main.storyboard */ = {
			isa = PBXVariantGroup;
			children = (
				EBB76D81223ABD2600E787A6 /* Base */,
			);
			name = Main.storyboard;
			sourceTree = "<group>";
		};
		EBB76D88223ABD2900E787A6 /* LaunchScreen.storyboard */ = {
			isa = PBXVariantGroup;
			children = (
				EBB76D89223ABD2900E787A6 /* Base */,
			);
			name = LaunchScreen.storyboard;
			sourceTree = "<group>";
		};
/* End PBXVariantGroup section */

/* Begin XCBuildConfiguration section */
		EBB76DA2223ABD2900E787A6 /* Debug */ = {
			isa = XCBuildConfiguration;
			buildSettings = {
				ALWAYS_SEARCH_USER_PATHS = NO;
				CLANG_ANALYZER_NONNULL = YES;
				CLANG_ANALYZER_NUMBER_OBJECT_CONVERSION = YES_AGGRESSIVE;
				CLANG_CXX_LANGUAGE_STANDARD = "gnu++14";
				CLANG_CXX_LIBRARY = "libc++";
				CLANG_ENABLE_MODULES = YES;
				CLANG_ENABLE_OBJC_ARC = YES;
				CLANG_ENABLE_OBJC_WEAK = YES;
				CLANG_WARN_BLOCK_CAPTURE_AUTORELEASING = YES;
				CLANG_WARN_BOOL_CONVERSION = YES;
				CLANG_WARN_COMMA = YES;
				CLANG_WARN_CONSTANT_CONVERSION = YES;
				CLANG_WARN_DEPRECATED_OBJC_IMPLEMENTATIONS = YES;
				CLANG_WARN_DIRECT_OBJC_ISA_USAGE = YES_ERROR;
				CLANG_WARN_DOCUMENTATION_COMMENTS = YES;
				CLANG_WARN_EMPTY_BODY = YES;
				CLANG_WARN_ENUM_CONVERSION = YES;
				CLANG_WARN_INFINITE_RECURSION = YES;
				CLANG_WARN_INT_CONVERSION = YES;
				CLANG_WARN_NON_LITERAL_NULL_CONVERSION = YES;
				CLANG_WARN_OBJC_IMPLICIT_RETAIN_SELF = YES;
				CLANG_WARN_OBJC_LITERAL_CONVERSION = YES;
				CLANG_WARN_OBJC_ROOT_CLASS = YES_ERROR;
				CLANG_WARN_RANGE_LOOP_ANALYSIS = YES;
				CLANG_WARN_STRICT_PROTOTYPES = YES;
				CLANG_WARN_SUSPICIOUS_MOVE = YES;
				CLANG_WARN_UNGUARDED_AVAILABILITY = YES_AGGRESSIVE;
				CLANG_WARN_UNREACHABLE_CODE = YES;
				CLANG_WARN__DUPLICATE_METHOD_MATCH = YES;
				CODE_SIGN_IDENTITY = "iPhone Developer";
				COPY_PHASE_STRIP = NO;
				DEBUG_INFORMATION_FORMAT = dwarf;
				ENABLE_STRICT_OBJC_MSGSEND = YES;
				ENABLE_TESTABILITY = YES;
				GCC_C_LANGUAGE_STANDARD = gnu11;
				GCC_DYNAMIC_NO_PIC = NO;
				GCC_NO_COMMON_BLOCKS = YES;
				GCC_OPTIMIZATION_LEVEL = 0;
				GCC_PREPROCESSOR_DEFINITIONS = (
					"DEBUG=1",
					"$(inherited)",
				);
				GCC_WARN_64_TO_32_BIT_CONVERSION = YES;
				GCC_WARN_ABOUT_RETURN_TYPE = YES_ERROR;
				GCC_WARN_UNDECLARED_SELECTOR = YES;
				GCC_WARN_UNINITIALIZED_AUTOS = YES_AGGRESSIVE;
				GCC_WARN_UNUSED_FUNCTION = YES;
				GCC_WARN_UNUSED_VARIABLE = YES;
				IPHONEOS_DEPLOYMENT_TARGET = 12.1;
				MTL_ENABLE_DEBUG_INFO = INCLUDE_SOURCE;
				MTL_FAST_MATH = YES;
				ONLY_ACTIVE_ARCH = YES;
				SDKROOT = iphoneos;
				SWIFT_ACTIVE_COMPILATION_CONDITIONS = DEBUG;
				SWIFT_OPTIMIZATION_LEVEL = "-Onone";
			};
			name = Debug;
		};
		EBB76DA3223ABD2900E787A6 /* Release */ = {
			isa = XCBuildConfiguration;
			buildSettings = {
				ALWAYS_SEARCH_USER_PATHS = NO;
				CLANG_ANALYZER_NONNULL = YES;
				CLANG_ANALYZER_NUMBER_OBJECT_CONVERSION = YES_AGGRESSIVE;
				CLANG_CXX_LANGUAGE_STANDARD = "gnu++14";
				CLANG_CXX_LIBRARY = "libc++";
				CLANG_ENABLE_MODULES = YES;
				CLANG_ENABLE_OBJC_ARC = YES;
				CLANG_ENABLE_OBJC_WEAK = YES;
				CLANG_WARN_BLOCK_CAPTURE_AUTORELEASING = YES;
				CLANG_WARN_BOOL_CONVERSION = YES;
				CLANG_WARN_COMMA = YES;
				CLANG_WARN_CONSTANT_CONVERSION = YES;
				CLANG_WARN_DEPRECATED_OBJC_IMPLEMENTATIONS = YES;
				CLANG_WARN_DIRECT_OBJC_ISA_USAGE = YES_ERROR;
				CLANG_WARN_DOCUMENTATION_COMMENTS = YES;
				CLANG_WARN_EMPTY_BODY = YES;
				CLANG_WARN_ENUM_CONVERSION = YES;
				CLANG_WARN_INFINITE_RECURSION = YES;
				CLANG_WARN_INT_CONVERSION = YES;
				CLANG_WARN_NON_LITERAL_NULL_CONVERSION = YES;
				CLANG_WARN_OBJC_IMPLICIT_RETAIN_SELF = YES;
				CLANG_WARN_OBJC_LITERAL_CONVERSION = YES;
				CLANG_WARN_OBJC_ROOT_CLASS = YES_ERROR;
				CLANG_WARN_RANGE_LOOP_ANALYSIS = YES;
				CLANG_WARN_STRICT_PROTOTYPES = YES;
				CLANG_WARN_SUSPICIOUS_MOVE = YES;
				CLANG_WARN_UNGUARDED_AVAILABILITY = YES_AGGRESSIVE;
				CLANG_WARN_UNREACHABLE_CODE = YES;
				CLANG_WARN__DUPLICATE_METHOD_MATCH = YES;
				CODE_SIGN_IDENTITY = "iPhone Developer";
				COPY_PHASE_STRIP = NO;
				DEBUG_INFORMATION_FORMAT = "dwarf-with-dsym";
				ENABLE_NS_ASSERTIONS = NO;
				ENABLE_STRICT_OBJC_MSGSEND = YES;
				GCC_C_LANGUAGE_STANDARD = gnu11;
				GCC_NO_COMMON_BLOCKS = YES;
				GCC_WARN_64_TO_32_BIT_CONVERSION = YES;
				GCC_WARN_ABOUT_RETURN_TYPE = YES_ERROR;
				GCC_WARN_UNDECLARED_SELECTOR = YES;
				GCC_WARN_UNINITIALIZED_AUTOS = YES_AGGRESSIVE;
				GCC_WARN_UNUSED_FUNCTION = YES;
				GCC_WARN_UNUSED_VARIABLE = YES;
				IPHONEOS_DEPLOYMENT_TARGET = 12.1;
				MTL_ENABLE_DEBUG_INFO = NO;
				MTL_FAST_MATH = YES;
				SDKROOT = iphoneos;
				SWIFT_COMPILATION_MODE = wholemodule;
				SWIFT_OPTIMIZATION_LEVEL = "-O";
				VALIDATE_PRODUCT = YES;
			};
			name = Release;
		};
		EBB76DA5223ABD2900E787A6 /* Debug */ = {
			isa = XCBuildConfiguration;
			buildSettings = {
				ASSETCATALOG_COMPILER_APPICON_NAME = AppIcon;
				CODE_SIGN_STYLE = Automatic;
				INFOPLIST_FILE = Pers/Info.plist;
				LD_RUNPATH_SEARCH_PATHS = (
					"$(inherited)",
					"@executable_path/Frameworks",
				);
				PRODUCT_BUNDLE_IDENTIFIER = BlaBla.Pers;
				PRODUCT_NAME = "$(TARGET_NAME)";
				SWIFT_VERSION = 4.2;
				TARGETED_DEVICE_FAMILY = "1,2";
			};
			name = Debug;
		};
		EBB76DA6223ABD2900E787A6 /* Release */ = {
			isa = XCBuildConfiguration;
			buildSettings = {
				ASSETCATALOG_COMPILER_APPICON_NAME = AppIcon;
				CODE_SIGN_STYLE = Automatic;
				INFOPLIST_FILE = Pers/Info.plist;
				LD_RUNPATH_SEARCH_PATHS = (
					"$(inherited)",
					"@executable_path/Frameworks",
				);
				PRODUCT_BUNDLE_IDENTIFIER = BlaBla.Pers;
				PRODUCT_NAME = "$(TARGET_NAME)";
				SWIFT_VERSION = 4.2;
				TARGETED_DEVICE_FAMILY = "1,2";
			};
			name = Release;
		};
		EBB76DA8223ABD2900E787A6 /* Debug */ = {
			isa = XCBuildConfiguration;
			buildSettings = {
				ALWAYS_EMBED_SWIFT_STANDARD_LIBRARIES = YES;
				BUNDLE_LOADER = "$(TEST_HOST)";
				CODE_SIGN_STYLE = Automatic;
				INFOPLIST_FILE = PersTests/Info.plist;
				LD_RUNPATH_SEARCH_PATHS = (
					"$(inherited)",
					"@executable_path/Frameworks",
					"@loader_path/Frameworks",
				);
				PRODUCT_BUNDLE_IDENTIFIER = BlaBla.PersTests;
				PRODUCT_NAME = "$(TARGET_NAME)";
				SWIFT_VERSION = 4.2;
				TARGETED_DEVICE_FAMILY = "1,2";
				TEST_HOST = "$(BUILT_PRODUCTS_DIR)/Pers.app/Pers";
			};
			name = Debug;
		};
		EBB76DA9223ABD2900E787A6 /* Release */ = {
			isa = XCBuildConfiguration;
			buildSettings = {
				ALWAYS_EMBED_SWIFT_STANDARD_LIBRARIES = YES;
				BUNDLE_LOADER = "$(TEST_HOST)";
				CODE_SIGN_STYLE = Automatic;
				INFOPLIST_FILE = PersTests/Info.plist;
				LD_RUNPATH_SEARCH_PATHS = (
					"$(inherited)",
					"@executable_path/Frameworks",
					"@loader_path/Frameworks",
				);
				PRODUCT_BUNDLE_IDENTIFIER = BlaBla.PersTests;
				PRODUCT_NAME = "$(TARGET_NAME)";
				SWIFT_VERSION = 4.2;
				TARGETED_DEVICE_FAMILY = "1,2";
				TEST_HOST = "$(BUILT_PRODUCTS_DIR)/Pers.app/Pers";
			};
			name = Release;
		};
		EBB76DAB223ABD2900E787A6 /* Debug */ = {
			isa = XCBuildConfiguration;
			buildSettings = {
				ALWAYS_EMBED_SWIFT_STANDARD_LIBRARIES = YES;
				CODE_SIGN_STYLE = Automatic;
				INFOPLIST_FILE = PersUITests/Info.plist;
				LD_RUNPATH_SEARCH_PATHS = (
					"$(inherited)",
					"@executable_path/Frameworks",
					"@loader_path/Frameworks",
				);
				PRODUCT_BUNDLE_IDENTIFIER = BlaBla.PersUITests;
				PRODUCT_NAME = "$(TARGET_NAME)";
				SWIFT_VERSION = 4.2;
				TARGETED_DEVICE_FAMILY = "1,2";
				TEST_TARGET_NAME = Pers;
			};
			name = Debug;
		};
		EBB76DAC223ABD2900E787A6 /* Release */ = {
			isa = XCBuildConfiguration;
			buildSettings = {
				ALWAYS_EMBED_SWIFT_STANDARD_LIBRARIES = YES;
				CODE_SIGN_STYLE = Automatic;
				INFOPLIST_FILE = PersUITests/Info.plist;
				LD_RUNPATH_SEARCH_PATHS = (
					"$(inherited)",
					"@executable_path/Frameworks",
					"@loader_path/Frameworks",
				);
				PRODUCT_BUNDLE_IDENTIFIER = BlaBla.PersUITests;
				PRODUCT_NAME = "$(TARGET_NAME)";
				SWIFT_VERSION = 4.2;
				TARGETED_DEVICE_FAMILY = "1,2";
				TEST_TARGET_NAME = Pers;
			};
			name = Release;
		};
/* End XCBuildConfiguration section */

/* Begin XCConfigurationList section */
		EBB76D74223ABD2600E787A6 /* Build configuration list for PBXProject "Pers" */ = {
			isa = XCConfigurationList;
			buildConfigurations = (
				EBB76DA2223ABD2900E787A6 /* Debug */,
				EBB76DA3223ABD2900E787A6 /* Release */,
			);
			defaultConfigurationIsVisible = 0;
			defaultConfigurationName = Release;
		};
		EBB76DA4223ABD2900E787A6 /* Build configuration list for PBXNativeTarget "Pers" */ = {
			isa = XCConfigurationList;
			buildConfigurations = (
				EBB76DA5223ABD2900E787A6 /* Debug */,
				EBB76DA6223ABD2900E787A6 /* Release */,
			);
			defaultConfigurationIsVisible = 0;
			defaultConfigurationName = Release;
		};
		EBB76DA7223ABD2900E787A6 /* Build configuration list for PBXNativeTarget "PersTests" */ = {
			isa = XCConfigurationList;
			buildConfigurations = (
				EBB76DA8223ABD2900E787A6 /* Debug */,
				EBB76DA9223ABD2900E787A6 /* Release */,
			);
			defaultConfigurationIsVisible = 0;
			defaultConfigurationName = Release;
		};
		EBB76DAA223ABD2900E787A6 /* Build configuration list for PBXNativeTarget "PersUITests" */ = {
			isa = XCConfigurationList;
			buildConfigurations = (
				EBB76DAB223ABD2900E787A6 /* Debug */,
				EBB76DAC223ABD2900E787A6 /* Release */,
			);
			defaultConfigurationIsVisible = 0;
			defaultConfigurationName = Release;
		};
/* End XCConfigurationList section */

/* Begin XCVersionGroup section */
		EBB76D83223ABD2600E787A6 /* Pers.xcdatamodeld */ = {
			isa = XCVersionGroup;
			children = (
				EBB76D84223ABD2600E787A6 /* Pers.xcdatamodel */,
			);
			currentVersion = EBB76D84223ABD2600E787A6 /* Pers.xcdatamodel */;
			path = Pers.xcdatamodeld;
			sourceTree = "<group>";
			versionGroupType = wrapper.xcdatamodel;
		};
/* End XCVersionGroup section */
	};
	rootObject = EBB76D71223ABD2600E787A6 /* Project object */;
}
