// !$*UTF8*$!
{
	archiveVersion = 1;
	classes = {
	};
	objectVersion = 46;
	objects = {

/* Begin PBXBuildFile section */
		D104C5F3223A9DD500319044 /* Swift02Tests.swift in Sources */ = {isa = PBXBuildFile; fileRef = D12CD40022380EAB004B1BAB /* Swift02Tests.swift */; };
		D104C5F5223A9E3500319044 /* Person.swift in Sources */ = {isa = PBXBuildFile; fileRef = D104C5F4223A9E3500319044 /* Person.swift */; };
		D104C5F7223A9F0D00319044 /* PersonSet.swift in Sources */ = {isa = PBXBuildFile; fileRef = D104C5F6223A9F0C00319044 /* PersonSet.swift */; };
		D104C5F9223A9F9300319044 /* ItPersonSet.swift in Sources */ = {isa = PBXBuildFile; fileRef = D104C5F8223A9F9300319044 /* ItPersonSet.swift */; };
		D104C5FA223AA00B00319044 /* PersonSet.swift in Sources */ = {isa = PBXBuildFile; fileRef = D104C5F6223A9F0C00319044 /* PersonSet.swift */; };
		D104C5FB223AA01E00319044 /* ItPersonSet.swift in Sources */ = {isa = PBXBuildFile; fileRef = D104C5F8223A9F9300319044 /* ItPersonSet.swift */; };
		D104C5FC223AA02700319044 /* Person.swift in Sources */ = {isa = PBXBuildFile; fileRef = D104C5F4223A9E3500319044 /* Person.swift */; };
		D12CD3E922380EAA004B1BAB /* AppDelegate.swift in Sources */ = {isa = PBXBuildFile; fileRef = D12CD3E822380EAA004B1BAB /* AppDelegate.swift */; };
		D12CD3EB22380EAA004B1BAB /* ViewController.swift in Sources */ = {isa = PBXBuildFile; fileRef = D12CD3EA22380EAA004B1BAB /* ViewController.swift */; };
		D12CD3EE22380EAA004B1BAB /* Main.storyboard in Resources */ = {isa = PBXBuildFile; fileRef = D12CD3EC22380EAA004B1BAB /* Main.storyboard */; };
		D12CD3F122380EAA004B1BAB /* Swift02.xcdatamodeld in Sources */ = {isa = PBXBuildFile; fileRef = D12CD3EF22380EAA004B1BAB /* Swift02.xcdatamodeld */; };
		D12CD3F322380EAA004B1BAB /* Assets.xcassets in Resources */ = {isa = PBXBuildFile; fileRef = D12CD3F222380EAA004B1BAB /* Assets.xcassets */; };
		D12CD3F622380EAA004B1BAB /* LaunchScreen.storyboard in Resources */ = {isa = PBXBuildFile; fileRef = D12CD3F422380EAA004B1BAB /* LaunchScreen.storyboard */; };
		D12CD40122380EAB004B1BAB /* Swift02Tests.swift in Sources */ = {isa = PBXBuildFile; fileRef = D12CD40022380EAB004B1BAB /* Swift02Tests.swift */; };
		D12CD40C22380EAB004B1BAB /* Swift02UITests.swift in Sources */ = {isa = PBXBuildFile; fileRef = D12CD40B22380EAB004B1BAB /* Swift02UITests.swift */; };
/* End PBXBuildFile section */

/* Begin PBXContainerItemProxy section */
		D12CD3FD22380EAB004B1BAB /* PBXContainerItemProxy */ = {
			isa = PBXContainerItemProxy;
			containerPortal = D12CD3DD22380EAA004B1BAB /* Project object */;
			proxyType = 1;
			remoteGlobalIDString = D12CD3E422380EAA004B1BAB;
			remoteInfo = Swift02;
		};
		D12CD40822380EAB004B1BAB /* PBXContainerItemProxy */ = {
			isa = PBXContainerItemProxy;
			containerPortal = D12CD3DD22380EAA004B1BAB /* Project object */;
			proxyType = 1;
			remoteGlobalIDString = D12CD3E422380EAA004B1BAB;
			remoteInfo = Swift02;
		};
/* End PBXContainerItemProxy section */

/* Begin PBXFileReference section */
		D104C5F4223A9E3500319044 /* Person.swift */ = {isa = PBXFileReference; lastKnownFileType = sourcecode.swift; name = Person.swift; path = ../../../Person.swift; sourceTree = "<group>"; };
		D104C5F6223A9F0C00319044 /* PersonSet.swift */ = {isa = PBXFileReference; lastKnownFileType = sourcecode.swift; path = PersonSet.swift; sourceTree = SOURCE_ROOT; };
		D104C5F8223A9F9300319044 /* ItPersonSet.swift */ = {isa = PBXFileReference; lastKnownFileType = sourcecode.swift; path = ItPersonSet.swift; sourceTree = "<group>"; };
		D12CD3E522380EAA004B1BAB /* Swift02.app */ = {isa = PBXFileReference; explicitFileType = wrapper.application; includeInIndex = 0; path = Swift02.app; sourceTree = BUILT_PRODUCTS_DIR; };
		D12CD3E822380EAA004B1BAB /* AppDelegate.swift */ = {isa = PBXFileReference; lastKnownFileType = sourcecode.swift; path = AppDelegate.swift; sourceTree = "<group>"; };
		D12CD3EA22380EAA004B1BAB /* ViewController.swift */ = {isa = PBXFileReference; lastKnownFileType = sourcecode.swift; path = ViewController.swift; sourceTree = "<group>"; };
		D12CD3ED22380EAA004B1BAB /* Base */ = {isa = PBXFileReference; lastKnownFileType = file.storyboard; name = Base; path = Base.lproj/Main.storyboard; sourceTree = "<group>"; };
		D12CD3F022380EAA004B1BAB /* Swift02.xcdatamodel */ = {isa = PBXFileReference; lastKnownFileType = wrapper.xcdatamodel; path = Swift02.xcdatamodel; sourceTree = "<group>"; };
		D12CD3F222380EAA004B1BAB /* Assets.xcassets */ = {isa = PBXFileReference; lastKnownFileType = folder.assetcatalog; path = Assets.xcassets; sourceTree = "<group>"; };
		D12CD3F522380EAA004B1BAB /* Base */ = {isa = PBXFileReference; lastKnownFileType = file.storyboard; name = Base; path = Base.lproj/LaunchScreen.storyboard; sourceTree = "<group>"; };
		D12CD3F722380EAA004B1BAB /* Info.plist */ = {isa = PBXFileReference; lastKnownFileType = text.plist.xml; path = Info.plist; sourceTree = "<group>"; };
		D12CD3FC22380EAB004B1BAB /* Swift02Tests.xctest */ = {isa = PBXFileReference; explicitFileType = wrapper.cfbundle; includeInIndex = 0; path = Swift02Tests.xctest; sourceTree = BUILT_PRODUCTS_DIR; };
		D12CD40022380EAB004B1BAB /* Swift02Tests.swift */ = {isa = PBXFileReference; lastKnownFileType = sourcecode.swift; path = Swift02Tests.swift; sourceTree = "<group>"; };
		D12CD40222380EAB004B1BAB /* Info.plist */ = {isa = PBXFileReference; lastKnownFileType = text.plist.xml; path = Info.plist; sourceTree = "<group>"; };
		D12CD40722380EAB004B1BAB /* Swift02UITests.xctest */ = {isa = PBXFileReference; explicitFileType = wrapper.cfbundle; includeInIndex = 0; path = Swift02UITests.xctest; sourceTree = BUILT_PRODUCTS_DIR; };
		D12CD40B22380EAB004B1BAB /* Swift02UITests.swift */ = {isa = PBXFileReference; lastKnownFileType = sourcecode.swift; path = Swift02UITests.swift; sourceTree = "<group>"; };
		D12CD40D22380EAB004B1BAB /* Info.plist */ = {isa = PBXFileReference; lastKnownFileType = text.plist.xml; path = Info.plist; sourceTree = "<group>"; };
/* End PBXFileReference section */

/* Begin PBXFrameworksBuildPhase section */
		D12CD3E222380EAA004B1BAB /* Frameworks */ = {
			isa = PBXFrameworksBuildPhase;
			buildActionMask = 2147483647;
			files = (
			);
			runOnlyForDeploymentPostprocessing = 0;
		};
		D12CD3F922380EAB004B1BAB /* Frameworks */ = {
			isa = PBXFrameworksBuildPhase;
			buildActionMask = 2147483647;
			files = (
			);
			runOnlyForDeploymentPostprocessing = 0;
		};
		D12CD40422380EAB004B1BAB /* Frameworks */ = {
			isa = PBXFrameworksBuildPhase;
			buildActionMask = 2147483647;
			files = (
			);
			runOnlyForDeploymentPostprocessing = 0;
		};
/* End PBXFrameworksBuildPhase section */

/* Begin PBXGroup section */
		D12CD3DC22380EAA004B1BAB = {
			isa = PBXGroup;
			children = (
				D12CD41922380F9F004B1BAB /* Person_group */,
				D12CD3E722380EAA004B1BAB /* Controllers */,
				D12CD3FF22380EAB004B1BAB /* Swift02Tests */,
				D12CD40A22380EAB004B1BAB /* Swift02UITests */,
				D12CD3E622380EAA004B1BAB /* Products */,
			);
			sourceTree = "<group>";
		};
		D12CD3E622380EAA004B1BAB /* Products */ = {
			isa = PBXGroup;
			children = (
				D12CD3E522380EAA004B1BAB /* Swift02.app */,
				D12CD3FC22380EAB004B1BAB /* Swift02Tests.xctest */,
				D12CD40722380EAB004B1BAB /* Swift02UITests.xctest */,
			);
			name = Products;
			sourceTree = "<group>";
		};
		D12CD3E722380EAA004B1BAB /* Controllers */ = {
			isa = PBXGroup;
			children = (
				D12CD3E822380EAA004B1BAB /* AppDelegate.swift */,
				D12CD3EC22380EAA004B1BAB /* Main.storyboard */,
				D12CD3EA22380EAA004B1BAB /* ViewController.swift */,
				D12CD3F222380EAA004B1BAB /* Assets.xcassets */,
				D12CD3F422380EAA004B1BAB /* LaunchScreen.storyboard */,
				D12CD3F722380EAA004B1BAB /* Info.plist */,
				D12CD3EF22380EAA004B1BAB /* Swift02.xcdatamodeld */,
			);
			path = Controllers;
			sourceTree = "<group>";
		};
		D12CD3FF22380EAB004B1BAB /* Swift02Tests */ = {
			isa = PBXGroup;
			children = (
				D12CD40022380EAB004B1BAB /* Swift02Tests.swift */,
				D12CD40222380EAB004B1BAB /* Info.plist */,
			);
			path = Swift02Tests;
			sourceTree = "<group>";
		};
		D12CD40A22380EAB004B1BAB /* Swift02UITests */ = {
			isa = PBXGroup;
			children = (
				D12CD40B22380EAB004B1BAB /* Swift02UITests.swift */,
				D12CD40D22380EAB004B1BAB /* Info.plist */,
			);
			path = Swift02UITests;
			sourceTree = "<group>";
		};
		D12CD41922380F9F004B1BAB /* Person_group */ = {
			isa = PBXGroup;
			children = (
				D104C5F6223A9F0C00319044 /* PersonSet.swift */,
				D104C5F8223A9F9300319044 /* ItPersonSet.swift */,
				D104C5F4223A9E3500319044 /* Person.swift */,
			);
			name = Person_group;
			path = Swift02;
			sourceTree = "<group>";
		};
/* End PBXGroup section */

/* Begin PBXNativeTarget section */
		D12CD3E422380EAA004B1BAB /* Swift02 */ = {
			isa = PBXNativeTarget;
			buildConfigurationList = D12CD41022380EAB004B1BAB /* Build configuration list for PBXNativeTarget "Swift02" */;
			buildPhases = (
				D12CD3E122380EAA004B1BAB /* Sources */,
				D12CD3E222380EAA004B1BAB /* Frameworks */,
				D12CD3E322380EAA004B1BAB /* Resources */,
			);
			buildRules = (
			);
			dependencies = (
			);
			name = Swift02;
			productName = Swift02;
			productReference = D12CD3E522380EAA004B1BAB /* Swift02.app */;
			productType = "com.apple.product-type.application";
		};
		D12CD3FB22380EAB004B1BAB /* Swift02Tests */ = {
			isa = PBXNativeTarget;
			buildConfigurationList = D12CD41322380EAB004B1BAB /* Build configuration list for PBXNativeTarget "Swift02Tests" */;
			buildPhases = (
				D12CD3F822380EAB004B1BAB /* Sources */,
				D12CD3F922380EAB004B1BAB /* Frameworks */,
				D12CD3FA22380EAB004B1BAB /* Resources */,
			);
			buildRules = (
			);
			dependencies = (
				D12CD3FE22380EAB004B1BAB /* PBXTargetDependency */,
			);
			name = Swift02Tests;
			productName = Swift02Tests;
			productReference = D12CD3FC22380EAB004B1BAB /* Swift02Tests.xctest */;
			productType = "com.apple.product-type.bundle.unit-test";
		};
		D12CD40622380EAB004B1BAB /* Swift02UITests */ = {
			isa = PBXNativeTarget;
			buildConfigurationList = D12CD41622380EAB004B1BAB /* Build configuration list for PBXNativeTarget "Swift02UITests" */;
			buildPhases = (
				D12CD40322380EAB004B1BAB /* Sources */,
				D12CD40422380EAB004B1BAB /* Frameworks */,
				D12CD40522380EAB004B1BAB /* Resources */,
			);
			buildRules = (
			);
			dependencies = (
				D12CD40922380EAB004B1BAB /* PBXTargetDependency */,
			);
			name = Swift02UITests;
			productName = Swift02UITests;
			productReference = D12CD40722380EAB004B1BAB /* Swift02UITests.xctest */;
			productType = "com.apple.product-type.bundle.ui-testing";
		};
/* End PBXNativeTarget section */

/* Begin PBXProject section */
		D12CD3DD22380EAA004B1BAB /* Project object */ = {
			isa = PBXProject;
			attributes = {
				LastSwiftUpdateCheck = 0830;
				LastUpgradeCheck = 1010;
				ORGANIZATIONNAME = "Aldescu Marian";
				TargetAttributes = {
					D12CD3E422380EAA004B1BAB = {
						CreatedOnToolsVersion = 8.3.3;
						LastSwiftMigration = 1010;
						ProvisioningStyle = Automatic;
					};
					D12CD3FB22380EAB004B1BAB = {
						CreatedOnToolsVersion = 8.3.3;
						LastSwiftMigration = 1010;
						ProvisioningStyle = Automatic;
						TestTargetID = D12CD3E422380EAA004B1BAB;
					};
					D12CD40622380EAB004B1BAB = {
						CreatedOnToolsVersion = 8.3.3;
						LastSwiftMigration = 1010;
						ProvisioningStyle = Automatic;
						TestTargetID = D12CD3E422380EAA004B1BAB;
					};
				};
			};
			buildConfigurationList = D12CD3E022380EAA004B1BAB /* Build configuration list for PBXProject "Swift02" */;
			compatibilityVersion = "Xcode 3.2";
			developmentRegion = English;
			hasScannedForEncodings = 0;
			knownRegions = (
				en,
				Base,
			);
			mainGroup = D12CD3DC22380EAA004B1BAB;
			productRefGroup = D12CD3E622380EAA004B1BAB /* Products */;
			projectDirPath = "";
			projectRoot = "";
			targets = (
				D12CD3E422380EAA004B1BAB /* Swift02 */,
				D12CD3FB22380EAB004B1BAB /* Swift02Tests */,
				D12CD40622380EAB004B1BAB /* Swift02UITests */,
			);
		};
/* End PBXProject section */

/* Begin PBXResourcesBuildPhase section */
		D12CD3E322380EAA004B1BAB /* Resources */ = {
			isa = PBXResourcesBuildPhase;
			buildActionMask = 2147483647;
			files = (
				D12CD3F622380EAA004B1BAB /* LaunchScreen.storyboard in Resources */,
				D12CD3F322380EAA004B1BAB /* Assets.xcassets in Resources */,
				D12CD3EE22380EAA004B1BAB /* Main.storyboard in Resources */,
			);
			runOnlyForDeploymentPostprocessing = 0;
		};
		D12CD3FA22380EAB004B1BAB /* Resources */ = {
			isa = PBXResourcesBuildPhase;
			buildActionMask = 2147483647;
			files = (
			);
			runOnlyForDeploymentPostprocessing = 0;
		};
		D12CD40522380EAB004B1BAB /* Resources */ = {
			isa = PBXResourcesBuildPhase;
			buildActionMask = 2147483647;
			files = (
			);
			runOnlyForDeploymentPostprocessing = 0;
		};
/* End PBXResourcesBuildPhase section */

/* Begin PBXSourcesBuildPhase section */
		D12CD3E122380EAA004B1BAB /* Sources */ = {
			isa = PBXSourcesBuildPhase;
			buildActionMask = 2147483647;
			files = (
				D104C5F3223A9DD500319044 /* Swift02Tests.swift in Sources */,
				D104C5F9223A9F9300319044 /* ItPersonSet.swift in Sources */,
				D12CD3EB22380EAA004B1BAB /* ViewController.swift in Sources */,
				D104C5F7223A9F0D00319044 /* PersonSet.swift in Sources */,
				D104C5F5223A9E3500319044 /* Person.swift in Sources */,
				D12CD3E922380EAA004B1BAB /* AppDelegate.swift in Sources */,
				D12CD3F122380EAA004B1BAB /* Swift02.xcdatamodeld in Sources */,
			);
			runOnlyForDeploymentPostprocessing = 0;
		};
		D12CD3F822380EAB004B1BAB /* Sources */ = {
			isa = PBXSourcesBuildPhase;
			buildActionMask = 2147483647;
			files = (
				D104C5FB223AA01E00319044 /* ItPersonSet.swift in Sources */,
				D12CD40122380EAB004B1BAB /* Swift02Tests.swift in Sources */,
				D104C5FC223AA02700319044 /* Person.swift in Sources */,
				D104C5FA223AA00B00319044 /* PersonSet.swift in Sources */,
			);
			runOnlyForDeploymentPostprocessing = 0;
		};
		D12CD40322380EAB004B1BAB /* Sources */ = {
			isa = PBXSourcesBuildPhase;
			buildActionMask = 2147483647;
			files = (
				D12CD40C22380EAB004B1BAB /* Swift02UITests.swift in Sources */,
			);
			runOnlyForDeploymentPostprocessing = 0;
		};
/* End PBXSourcesBuildPhase section */

/* Begin PBXTargetDependency section */
		D12CD3FE22380EAB004B1BAB /* PBXTargetDependency */ = {
			isa = PBXTargetDependency;
			target = D12CD3E422380EAA004B1BAB /* Swift02 */;
			targetProxy = D12CD3FD22380EAB004B1BAB /* PBXContainerItemProxy */;
		};
		D12CD40922380EAB004B1BAB /* PBXTargetDependency */ = {
			isa = PBXTargetDependency;
			target = D12CD3E422380EAA004B1BAB /* Swift02 */;
			targetProxy = D12CD40822380EAB004B1BAB /* PBXContainerItemProxy */;
		};
/* End PBXTargetDependency section */

/* Begin PBXVariantGroup section */
		D12CD3EC22380EAA004B1BAB /* Main.storyboard */ = {
			isa = PBXVariantGroup;
			children = (
				D12CD3ED22380EAA004B1BAB /* Base */,
			);
			name = Main.storyboard;
			sourceTree = "<group>";
		};
		D12CD3F422380EAA004B1BAB /* LaunchScreen.storyboard */ = {
			isa = PBXVariantGroup;
			children = (
				D12CD3F522380EAA004B1BAB /* Base */,
			);
			name = LaunchScreen.storyboard;
			sourceTree = "<group>";
		};
/* End PBXVariantGroup section */

/* Begin XCBuildConfiguration section */
		D12CD40E22380EAB004B1BAB /* Debug */ = {
			isa = XCBuildConfiguration;
			buildSettings = {
				ALWAYS_SEARCH_USER_PATHS = NO;
				CLANG_ANALYZER_NONNULL = YES;
				CLANG_ANALYZER_NUMBER_OBJECT_CONVERSION = YES_AGGRESSIVE;
				CLANG_CXX_LANGUAGE_STANDARD = "gnu++0x";
				CLANG_CXX_LIBRARY = "libc++";
				CLANG_ENABLE_MODULES = YES;
				CLANG_ENABLE_OBJC_ARC = YES;
				CLANG_WARN_BLOCK_CAPTURE_AUTORELEASING = YES;
				CLANG_WARN_BOOL_CONVERSION = YES;
				CLANG_WARN_COMMA = YES;
				CLANG_WARN_CONSTANT_CONVERSION = YES;
				CLANG_WARN_DEPRECATED_OBJC_IMPLEMENTATIONS = YES;
				CLANG_WARN_DIRECT_OBJC_ISA_USAGE = YES_ERROR;
				CLANG_WARN_DOCUMENTATION_COMMENTS = YES;
				CLANG_WARN_EMPTY_BODY = YES;
				CLANG_WARN_ENUM_CONVERSION = YES;
				CLANG_WARN_INFINITE_RECURSION = YES;
				CLANG_WARN_INT_CONVERSION = YES;
				CLANG_WARN_NON_LITERAL_NULL_CONVERSION = YES;
				CLANG_WARN_OBJC_IMPLICIT_RETAIN_SELF = YES;
				CLANG_WARN_OBJC_LITERAL_CONVERSION = YES;
				CLANG_WARN_OBJC_ROOT_CLASS = YES_ERROR;
				CLANG_WARN_RANGE_LOOP_ANALYSIS = YES;
				CLANG_WARN_STRICT_PROTOTYPES = YES;
				CLANG_WARN_SUSPICIOUS_MOVE = YES;
				CLANG_WARN_UNREACHABLE_CODE = YES;
				CLANG_WARN__DUPLICATE_METHOD_MATCH = YES;
				"CODE_SIGN_IDENTITY[sdk=iphoneos*]" = "iPhone Developer";
				COPY_PHASE_STRIP = NO;
				DEBUG_INFORMATION_FORMAT = dwarf;
				ENABLE_STRICT_OBJC_MSGSEND = YES;
				ENABLE_TESTABILITY = YES;
				GCC_C_LANGUAGE_STANDARD = gnu99;
				GCC_DYNAMIC_NO_PIC = NO;
				GCC_NO_COMMON_BLOCKS = YES;
				GCC_OPTIMIZATION_LEVEL = 0;
				GCC_PREPROCESSOR_DEFINITIONS = (
					"DEBUG=1",
					"$(inherited)",
				);
				GCC_WARN_64_TO_32_BIT_CONVERSION = YES;
				GCC_WARN_ABOUT_RETURN_TYPE = YES_ERROR;
				GCC_WARN_UNDECLARED_SELECTOR = YES;
				GCC_WARN_UNINITIALIZED_AUTOS = YES_AGGRESSIVE;
				GCC_WARN_UNUSED_FUNCTION = YES;
				GCC_WARN_UNUSED_VARIABLE = YES;
				IPHONEOS_DEPLOYMENT_TARGET = 10.3;
				MTL_ENABLE_DEBUG_INFO = YES;
				ONLY_ACTIVE_ARCH = YES;
				SDKROOT = iphoneos;
				SWIFT_ACTIVE_COMPILATION_CONDITIONS = DEBUG;
				SWIFT_OPTIMIZATION_LEVEL = "-Onone";
				TARGETED_DEVICE_FAMILY = "1,2";
			};
			name = Debug;
		};
		D12CD40F22380EAB004B1BAB /* Release */ = {
			isa = XCBuildConfiguration;
			buildSettings = {
				ALWAYS_SEARCH_USER_PATHS = NO;
				CLANG_ANALYZER_NONNULL = YES;
				CLANG_ANALYZER_NUMBER_OBJECT_CONVERSION = YES_AGGRESSIVE;
				CLANG_CXX_LANGUAGE_STANDARD = "gnu++0x";
				CLANG_CXX_LIBRARY = "libc++";
				CLANG_ENABLE_MODULES = YES;
				CLANG_ENABLE_OBJC_ARC = YES;
				CLANG_WARN_BLOCK_CAPTURE_AUTORELEASING = YES;
				CLANG_WARN_BOOL_CONVERSION = YES;
				CLANG_WARN_COMMA = YES;
				CLANG_WARN_CONSTANT_CONVERSION = YES;
				CLANG_WARN_DEPRECATED_OBJC_IMPLEMENTATIONS = YES;
				CLANG_WARN_DIRECT_OBJC_ISA_USAGE = YES_ERROR;
				CLANG_WARN_DOCUMENTATION_COMMENTS = YES;
				CLANG_WARN_EMPTY_BODY = YES;
				CLANG_WARN_ENUM_CONVERSION = YES;
				CLANG_WARN_INFINITE_RECURSION = YES;
				CLANG_WARN_INT_CONVERSION = YES;
				CLANG_WARN_NON_LITERAL_NULL_CONVERSION = YES;
				CLANG_WARN_OBJC_IMPLICIT_RETAIN_SELF = YES;
				CLANG_WARN_OBJC_LITERAL_CONVERSION = YES;
				CLANG_WARN_OBJC_ROOT_CLASS = YES_ERROR;
				CLANG_WARN_RANGE_LOOP_ANALYSIS = YES;
				CLANG_WARN_STRICT_PROTOTYPES = YES;
				CLANG_WARN_SUSPICIOUS_MOVE = YES;
				CLANG_WARN_UNREACHABLE_CODE = YES;
				CLANG_WARN__DUPLICATE_METHOD_MATCH = YES;
				"CODE_SIGN_IDENTITY[sdk=iphoneos*]" = "iPhone Developer";
				COPY_PHASE_STRIP = NO;
				DEBUG_INFORMATION_FORMAT = "dwarf-with-dsym";
				ENABLE_NS_ASSERTIONS = NO;
				ENABLE_STRICT_OBJC_MSGSEND = YES;
				ENABLE_TESTABILITY = YES;
				GCC_C_LANGUAGE_STANDARD = gnu99;
				GCC_NO_COMMON_BLOCKS = YES;
				GCC_WARN_64_TO_32_BIT_CONVERSION = YES;
				GCC_WARN_ABOUT_RETURN_TYPE = YES_ERROR;
				GCC_WARN_UNDECLARED_SELECTOR = YES;
				GCC_WARN_UNINITIALIZED_AUTOS = YES_AGGRESSIVE;
				GCC_WARN_UNUSED_FUNCTION = YES;
				GCC_WARN_UNUSED_VARIABLE = YES;
				IPHONEOS_DEPLOYMENT_TARGET = 10.3;
				MTL_ENABLE_DEBUG_INFO = NO;
				SDKROOT = iphoneos;
				SWIFT_OPTIMIZATION_LEVEL = "-Owholemodule";
				TARGETED_DEVICE_FAMILY = "1,2";
				VALIDATE_PRODUCT = YES;
			};
			name = Release;
		};
		D12CD41122380EAB004B1BAB /* Debug */ = {
			isa = XCBuildConfiguration;
			buildSettings = {
				ASSETCATALOG_COMPILER_APPICON_NAME = AppIcon;
				INFOPLIST_FILE = Swift02/Info.plist;
				LD_RUNPATH_SEARCH_PATHS = "$(inherited) @executable_path/Frameworks";
				PRODUCT_BUNDLE_IDENTIFIER = pas.Swift02;
				PRODUCT_NAME = "$(TARGET_NAME)";
				SWIFT_VERSION = 4.2;
			};
			name = Debug;
		};
		D12CD41222380EAB004B1BAB /* Release */ = {
			isa = XCBuildConfiguration;
			buildSettings = {
				ASSETCATALOG_COMPILER_APPICON_NAME = AppIcon;
				INFOPLIST_FILE = Swift02/Info.plist;
				LD_RUNPATH_SEARCH_PATHS = "$(inherited) @executable_path/Frameworks";
				PRODUCT_BUNDLE_IDENTIFIER = pas.Swift02;
				PRODUCT_NAME = "$(TARGET_NAME)";
				SWIFT_VERSION = 4.2;
			};
			name = Release;
		};
		D12CD41422380EAB004B1BAB /* Debug */ = {
			isa = XCBuildConfiguration;
			buildSettings = {
				ALWAYS_EMBED_SWIFT_STANDARD_LIBRARIES = YES;
				BUNDLE_LOADER = "$(TEST_HOST)";
				INFOPLIST_FILE = Swift02Tests/Info.plist;
				LD_RUNPATH_SEARCH_PATHS = "$(inherited) @executable_path/Frameworks @loader_path/Frameworks";
				PRODUCT_BUNDLE_IDENTIFIER = pas.Swift02Tests;
				PRODUCT_NAME = "$(TARGET_NAME)";
				SWIFT_VERSION = 4.2;
				TEST_HOST = "$(BUILT_PRODUCTS_DIR)/Swift02.app/Swift02";
			};
			name = Debug;
		};
		D12CD41522380EAB004B1BAB /* Release */ = {
			isa = XCBuildConfiguration;
			buildSettings = {
				ALWAYS_EMBED_SWIFT_STANDARD_LIBRARIES = YES;
				BUNDLE_LOADER = "$(TEST_HOST)";
				INFOPLIST_FILE = Swift02Tests/Info.plist;
				LD_RUNPATH_SEARCH_PATHS = "$(inherited) @executable_path/Frameworks @loader_path/Frameworks";
				PRODUCT_BUNDLE_IDENTIFIER = pas.Swift02Tests;
				PRODUCT_NAME = "$(TARGET_NAME)";
				SWIFT_VERSION = 4.2;
				TEST_HOST = "$(BUILT_PRODUCTS_DIR)/Swift02.app/Swift02";
			};
			name = Release;
		};
		D12CD41722380EAB004B1BAB /* Debug */ = {
			isa = XCBuildConfiguration;
			buildSettings = {
				ALWAYS_EMBED_SWIFT_STANDARD_LIBRARIES = YES;
				INFOPLIST_FILE = Swift02UITests/Info.plist;
				LD_RUNPATH_SEARCH_PATHS = "$(inherited) @executable_path/Frameworks @loader_path/Frameworks";
				PRODUCT_BUNDLE_IDENTIFIER = pas.Swift02UITests;
				PRODUCT_NAME = "$(TARGET_NAME)";
				SWIFT_VERSION = 4.2;
				TEST_TARGET_NAME = Swift02;
			};
			name = Debug;
		};
		D12CD41822380EAB004B1BAB /* Release */ = {
			isa = XCBuildConfiguration;
			buildSettings = {
				ALWAYS_EMBED_SWIFT_STANDARD_LIBRARIES = YES;
				INFOPLIST_FILE = Swift02UITests/Info.plist;
				LD_RUNPATH_SEARCH_PATHS = "$(inherited) @executable_path/Frameworks @loader_path/Frameworks";
				PRODUCT_BUNDLE_IDENTIFIER = pas.Swift02UITests;
				PRODUCT_NAME = "$(TARGET_NAME)";
				SWIFT_VERSION = 4.2;
				TEST_TARGET_NAME = Swift02;
			};
			name = Release;
		};
/* End XCBuildConfiguration section */

/* Begin XCConfigurationList section */
		D12CD3E022380EAA004B1BAB /* Build configuration list for PBXProject "Swift02" */ = {
			isa = XCConfigurationList;
			buildConfigurations = (
				D12CD40E22380EAB004B1BAB /* Debug */,
				D12CD40F22380EAB004B1BAB /* Release */,
			);
			defaultConfigurationIsVisible = 0;
			defaultConfigurationName = Release;
		};
		D12CD41022380EAB004B1BAB /* Build configuration list for PBXNativeTarget "Swift02" */ = {
			isa = XCConfigurationList;
			buildConfigurations = (
				D12CD41122380EAB004B1BAB /* Debug */,
				D12CD41222380EAB004B1BAB /* Release */,
			);
			defaultConfigurationIsVisible = 0;
			defaultConfigurationName = Release;
		};
		D12CD41322380EAB004B1BAB /* Build configuration list for PBXNativeTarget "Swift02Tests" */ = {
			isa = XCConfigurationList;
			buildConfigurations = (
				D12CD41422380EAB004B1BAB /* Debug */,
				D12CD41522380EAB004B1BAB /* Release */,
			);
			defaultConfigurationIsVisible = 0;
			defaultConfigurationName = Release;
		};
		D12CD41622380EAB004B1BAB /* Build configuration list for PBXNativeTarget "Swift02UITests" */ = {
			isa = XCConfigurationList;
			buildConfigurations = (
				D12CD41722380EAB004B1BAB /* Debug */,
				D12CD41822380EAB004B1BAB /* Release */,
			);
			defaultConfigurationIsVisible = 0;
			defaultConfigurationName = Release;
		};
/* End XCConfigurationList section */

/* Begin XCVersionGroup section */
		D12CD3EF22380EAA004B1BAB /* Swift02.xcdatamodeld */ = {
			isa = XCVersionGroup;
			children = (
				D12CD3F022380EAA004B1BAB /* Swift02.xcdatamodel */,
			);
			currentVersion = D12CD3F022380EAA004B1BAB /* Swift02.xcdatamodel */;
			path = Swift02.xcdatamodeld;
			sourceTree = "<group>";
			versionGroupType = wrapper.xcdatamodel;
		};
/* End XCVersionGroup section */
	};
	rootObject = D12CD3DD22380EAA004B1BAB /* Project object */;
}
